// !$*UTF8*$!
{
	archiveVersion = 1;
	classes = {
	};
	objectVersion = 46;
	objects = {

/* Begin PBXBuildFile section */
		047E36AAC38C68AD574D0587 /* Pods_JustStudio_iMessage.framework in Frameworks */ = {isa = PBXBuildFile; fileRef = B1C005892976BBF185CFFA91 /* Pods_JustStudio_iMessage.framework */; };
		3312B8BE1DC8A6E600E58A76 /* CategoryCell.swift in Sources */ = {isa = PBXBuildFile; fileRef = 3312B8BD1DC8A6E600E58A76 /* CategoryCell.swift */; };
		3316C66F1DC3B6E30008F697 /* PeekViewController.swift in Sources */ = {isa = PBXBuildFile; fileRef = 3316C66E1DC3B6E30008F697 /* PeekViewController.swift */; };
		3316C6711DC3BE930008F697 /* ImageItemRenderer.swift in Sources */ = {isa = PBXBuildFile; fileRef = 3316C6701DC3BE930008F697 /* ImageItemRenderer.swift */; };
		33AE23391DC1089800A9B22A /* Messages.framework in Frameworks */ = {isa = PBXBuildFile; fileRef = 33AE23381DC1089800A9B22A /* Messages.framework */; };
		33AE233C1DC1089800A9B22A /* MessagesViewController.swift in Sources */ = {isa = PBXBuildFile; fileRef = 33AE233B1DC1089800A9B22A /* MessagesViewController.swift */; };
		33AE233F1DC1089800A9B22A /* MainInterface.storyboard in Resources */ = {isa = PBXBuildFile; fileRef = 33AE233D1DC1089800A9B22A /* MainInterface.storyboard */; };
		33AE23411DC1089800A9B22A /* Assets.xcassets in Resources */ = {isa = PBXBuildFile; fileRef = 33AE23401DC1089800A9B22A /* Assets.xcassets */; };
		33AE23451DC1089800A9B22A /* JustStudio iMessage.appex in Embed App Extensions */ = {isa = PBXBuildFile; fileRef = 33AE23371DC1089800A9B22A /* JustStudio iMessage.appex */; settings = {ATTRIBUTES = (RemoveHeadersOnCopy, ); }; };
		33AE234B1DC10D7200A9B22A /* CategoryVC.swift in Sources */ = {isa = PBXBuildFile; fileRef = 33AE234A1DC10D7200A9B22A /* CategoryVC.swift */; };
		33AE234D1DC1142400A9B22A /* FactsVC.swift in Sources */ = {isa = PBXBuildFile; fileRef = 33AE234C1DC1142400A9B22A /* FactsVC.swift */; };
		33AE234F1DC1161A00A9B22A /* PreviewVC.swift in Sources */ = {isa = PBXBuildFile; fileRef = 33AE234E1DC1161A00A9B22A /* PreviewVC.swift */; };
		33AE23521DC11C0F00A9B22A /* FactCell.swift in Sources */ = {isa = PBXBuildFile; fileRef = 33AE23511DC11C0F00A9B22A /* FactCell.swift */; };
		33AE23541DC11C4800A9B22A /* AddJustStudioStickerCell.swift in Sources */ = {isa = PBXBuildFile; fileRef = 33AE23531DC11C4800A9B22A /* AddJustStudioStickerCell.swift */; };
		33AE23561DC2214E00A9B22A /* BaseViewController.swift in Sources */ = {isa = PBXBuildFile; fileRef = 33AE23551DC2214E00A9B22A /* BaseViewController.swift */; };
		33B1D18A1DB10EE5000C4062 /* CategoryViewController.swift in Sources */ = {isa = PBXBuildFile; fileRef = 75620F421C464FB10069DD5F /* CategoryViewController.swift */; };
		33B1D18B1DB10EFD000C4062 /* CategoryDetailViewController.swift in Sources */ = {isa = PBXBuildFile; fileRef = 883D70061C0DAE22003ECEE2 /* CategoryDetailViewController.swift */; };
		33B1D1E41DB63185000C4062 /* LibraryWatchAPI.swift in Sources */ = {isa = PBXBuildFile; fileRef = 751F353D1DABDC700099CB19 /* LibraryWatchAPI.swift */; };
		33B1D1E51DB6318A000C4062 /* LibraryAPI.swift in Sources */ = {isa = PBXBuildFile; fileRef = 88F1E09B1C24511100D8C28C /* LibraryAPI.swift */; };
		632C2EF21DF859C5004BB1E4 /* LibraryAPI.swift in Sources */ = {isa = PBXBuildFile; fileRef = 88F1E09B1C24511100D8C28C /* LibraryAPI.swift */; };
		632C2EF71DF99388004BB1E4 /* UILabel+setDescription.swift in Sources */ = {isa = PBXBuildFile; fileRef = 63DB48191DBE270700119897 /* UILabel+setDescription.swift */; };
		63485B8B1E2FB945004DF4A8 /* Avus W00 Condensed Medium.ttf in Resources */ = {isa = PBXBuildFile; fileRef = 63485B8A1E2FB945004DF4A8 /* Avus W00 Condensed Medium.ttf */; };
		63485B8C1E2FB945004DF4A8 /* Avus W00 Condensed Medium.ttf in Resources */ = {isa = PBXBuildFile; fileRef = 63485B8A1E2FB945004DF4A8 /* Avus W00 Condensed Medium.ttf */; };
		637A4E4F1DB78EBE007C3EA6 /* InterfaceController.swift in Sources */ = {isa = PBXBuildFile; fileRef = 75FC745E1D8C2E3F00683CA0 /* InterfaceController.swift */; };
		63DB48141DBE246400119897 /* Fact.swift in Sources */ = {isa = PBXBuildFile; fileRef = 63DB48101DBE23E500119897 /* Fact.swift */; };
		63DB48151DBE246800119897 /* Category.swift in Sources */ = {isa = PBXBuildFile; fileRef = 63DB480F1DBE23E500119897 /* Category.swift */; };
		63DB48181DBE260200119897 /* Category.json in Resources */ = {isa = PBXBuildFile; fileRef = 63DB480E1DBE23E500119897 /* Category.json */; };
		63DB481A1DBE270700119897 /* UILabel+setDescription.swift in Sources */ = {isa = PBXBuildFile; fileRef = 63DB48191DBE270700119897 /* UILabel+setDescription.swift */; };
		63DB481D1DBE290700119897 /* Base.swift in Sources */ = {isa = PBXBuildFile; fileRef = 63DB481C1DBE290700119897 /* Base.swift */; };
		63DB481F1DBE2DAE00119897 /* WKInterfaceLabel+setDescription.swift in Sources */ = {isa = PBXBuildFile; fileRef = 63DB481E1DBE2DAE00119897 /* WKInterfaceLabel+setDescription.swift */; };
		751F35431DAD30230099CB19 /* FactsController.swift in Sources */ = {isa = PBXBuildFile; fileRef = 751F35421DAD30230099CB19 /* FactsController.swift */; };
		75227BF31E9FD954006BD446 /* AppGroupRealmConfiguration.swift in Sources */ = {isa = PBXBuildFile; fileRef = 755856451E9E2B2C0091ABB5 /* AppGroupRealmConfiguration.swift */; };
		752E58841E93FE30003EF222 /* BaseDataModel.swift in Sources */ = {isa = PBXBuildFile; fileRef = 752E58831E93FE30003EF222 /* BaseDataModel.swift */; };
		752E58861E93FE4E003EF222 /* CategoryDataModel.swift in Sources */ = {isa = PBXBuildFile; fileRef = 752E58851E93FE4E003EF222 /* CategoryDataModel.swift */; };
		752E58881E93FE77003EF222 /* FactDataModel.swift in Sources */ = {isa = PBXBuildFile; fileRef = 752E58871E93FE77003EF222 /* FactDataModel.swift */; };
		752E588A1E95252C003EF222 /* FactDataModel.swift in Sources */ = {isa = PBXBuildFile; fileRef = 752E58871E93FE77003EF222 /* FactDataModel.swift */; };
		752E588B1E95252E003EF222 /* CategoryDataModel.swift in Sources */ = {isa = PBXBuildFile; fileRef = 752E58851E93FE4E003EF222 /* CategoryDataModel.swift */; };
		752E588C1E952530003EF222 /* BaseDataModel.swift in Sources */ = {isa = PBXBuildFile; fileRef = 752E58831E93FE30003EF222 /* BaseDataModel.swift */; };
		752E588E1E96A3DB003EF222 /* PersistencyManager.swift in Sources */ = {isa = PBXBuildFile; fileRef = 752E588D1E96A3DB003EF222 /* PersistencyManager.swift */; };
		752E58901E96A404003EF222 /* HTTPClient.swift in Sources */ = {isa = PBXBuildFile; fileRef = 752E588F1E96A404003EF222 /* HTTPClient.swift */; };
		753F16191E9FDD3A00C458D5 /* Realm.framework in Frameworks */ = {isa = PBXBuildFile; fileRef = 753F16131E9FDC4900C458D5 /* Realm.framework */; };
		753F161A1E9FDD3A00C458D5 /* RealmSwift.framework in Frameworks */ = {isa = PBXBuildFile; fileRef = 753F16141E9FDC4900C458D5 /* RealmSwift.framework */; };
		753F161C1E9FDD4400C458D5 /* Realm.framework in Embed Frameworks */ = {isa = PBXBuildFile; fileRef = 753F16131E9FDC4900C458D5 /* Realm.framework */; settings = {ATTRIBUTES = (CodeSignOnCopy, RemoveHeadersOnCopy, ); }; };
		753F161E1E9FDD4400C458D5 /* RealmSwift.framework in Embed Frameworks */ = {isa = PBXBuildFile; fileRef = 753F16141E9FDC4900C458D5 /* RealmSwift.framework */; settings = {ATTRIBUTES = (CodeSignOnCopy, RemoveHeadersOnCopy, ); }; };
		753F16201E9FDD6C00C458D5 /* Realm.framework in Frameworks */ = {isa = PBXBuildFile; fileRef = 753F16131E9FDC4900C458D5 /* Realm.framework */; };
		753F16211E9FDD6C00C458D5 /* Realm.framework in Embed Frameworks */ = {isa = PBXBuildFile; fileRef = 753F16131E9FDC4900C458D5 /* Realm.framework */; settings = {ATTRIBUTES = (CodeSignOnCopy, RemoveHeadersOnCopy, ); }; };
		753F16221E9FDD6C00C458D5 /* RealmSwift.framework in Frameworks */ = {isa = PBXBuildFile; fileRef = 753F16141E9FDC4900C458D5 /* RealmSwift.framework */; };
		753F16231E9FDD6C00C458D5 /* RealmSwift.framework in Embed Frameworks */ = {isa = PBXBuildFile; fileRef = 753F16141E9FDC4900C458D5 /* RealmSwift.framework */; settings = {ATTRIBUTES = (CodeSignOnCopy, RemoveHeadersOnCopy, ); }; };
		755150FD1C47EE1C00527733 /* UILable+Layout.swift in Sources */ = {isa = PBXBuildFile; fileRef = 755150FC1C47EE1C00527733 /* UILable+Layout.swift */; };
		755202291E96B79D00F3BC2A /* PersistencyManager.swift in Sources */ = {isa = PBXBuildFile; fileRef = 752E588D1E96A3DB003EF222 /* PersistencyManager.swift */; };
		7552022A1E96B7A000F3BC2A /* HTTPClient.swift in Sources */ = {isa = PBXBuildFile; fileRef = 752E588F1E96A404003EF222 /* HTTPClient.swift */; };
		755856461E9E2B2C0091ABB5 /* AppGroupRealmConfiguration.swift in Sources */ = {isa = PBXBuildFile; fileRef = 755856451E9E2B2C0091ABB5 /* AppGroupRealmConfiguration.swift */; };
		755856471E9E2B2C0091ABB5 /* AppGroupRealmConfiguration.swift in Sources */ = {isa = PBXBuildFile; fileRef = 755856451E9E2B2C0091ABB5 /* AppGroupRealmConfiguration.swift */; };
		755E096D1E93B81F004E2EAF /* Realm.framework in Frameworks */ = {isa = PBXBuildFile; fileRef = 755E096B1E93B81F004E2EAF /* Realm.framework */; };
		755E09701E93B81F004E2EAF /* Realm.framework in Frameworks */ = {isa = PBXBuildFile; fileRef = 755E096B1E93B81F004E2EAF /* Realm.framework */; };
		755E09741E93B81F004E2EAF /* RealmSwift.framework in Frameworks */ = {isa = PBXBuildFile; fileRef = 755E096C1E93B81F004E2EAF /* RealmSwift.framework */; };
		755E09761E93B83B004E2EAF /* Realm.framework in Embed Frameworks */ = {isa = PBXBuildFile; fileRef = 755E096B1E93B81F004E2EAF /* Realm.framework */; settings = {ATTRIBUTES = (CodeSignOnCopy, RemoveHeadersOnCopy, ); }; };
		755E09771E93B83B004E2EAF /* RealmSwift.framework in Frameworks */ = {isa = PBXBuildFile; fileRef = 755E096C1E93B81F004E2EAF /* RealmSwift.framework */; };
		755E09781E93B83B004E2EAF /* RealmSwift.framework in Embed Frameworks */ = {isa = PBXBuildFile; fileRef = 755E096C1E93B81F004E2EAF /* RealmSwift.framework */; settings = {ATTRIBUTES = (CodeSignOnCopy, RemoveHeadersOnCopy, ); }; };
		75620F411C464D880069DD5F /* CategoryCell.swift in Sources */ = {isa = PBXBuildFile; fileRef = 75620F401C464D880069DD5F /* CategoryCell.swift */; };
		75620F4A1C4671EC0069DD5F /* UIImage+ImageEffects.m in Sources */ = {isa = PBXBuildFile; fileRef = 75620F491C4671EC0069DD5F /* UIImage+ImageEffects.m */; };
		75D9A3141D92A01E0075BBBD /* CategoryRowController.swift in Sources */ = {isa = PBXBuildFile; fileRef = 75D9A3131D92A01E0075BBBD /* CategoryRowController.swift */; };
		75DE668C1DABD3F200E52FD0 /* UIKit.framework in Frameworks */ = {isa = PBXBuildFile; fileRef = 75DE668B1DABD3F200E52FD0 /* UIKit.framework */; };
		75FC744F1D8C2E3E00683CA0 /* Interface.storyboard in Resources */ = {isa = PBXBuildFile; fileRef = 75FC744D1D8C2E3E00683CA0 /* Interface.storyboard */; };
		75FC74511D8C2E3E00683CA0 /* Assets.xcassets in Resources */ = {isa = PBXBuildFile; fileRef = 75FC74501D8C2E3E00683CA0 /* Assets.xcassets */; };
		75FC74581D8C2E3F00683CA0 /* JustFacts WatchOS Extension.appex in Embed App Extensions */ = {isa = PBXBuildFile; fileRef = 75FC74571D8C2E3F00683CA0 /* JustFacts WatchOS Extension.appex */; settings = {ATTRIBUTES = (RemoveHeadersOnCopy, ); }; };
		75FC74611D8C2E3F00683CA0 /* ExtensionDelegate.swift in Sources */ = {isa = PBXBuildFile; fileRef = 75FC74601D8C2E3F00683CA0 /* ExtensionDelegate.swift */; };
		75FC74631D8C2E3F00683CA0 /* NotificationController.swift in Sources */ = {isa = PBXBuildFile; fileRef = 75FC74621D8C2E3F00683CA0 /* NotificationController.swift */; };
		75FC74651D8C2E3F00683CA0 /* Assets.xcassets in Resources */ = {isa = PBXBuildFile; fileRef = 75FC74641D8C2E3F00683CA0 /* Assets.xcassets */; };
		75FC74691D8C2E4000683CA0 /* JustFacts WatchOS.app in Embed Watch Content */ = {isa = PBXBuildFile; fileRef = 75FC744B1D8C2E3E00683CA0 /* JustFacts WatchOS.app */; };
		883D70051C0DAE22003ECEE2 /* AppDelegate.swift in Sources */ = {isa = PBXBuildFile; fileRef = 883D70041C0DAE22003ECEE2 /* AppDelegate.swift */; };
		883D70091C0DAE22003ECEE2 /* DataViewController.swift in Sources */ = {isa = PBXBuildFile; fileRef = 883D70081C0DAE22003ECEE2 /* DataViewController.swift */; };
		883D700B1C0DAE22003ECEE2 /* ModelController.swift in Sources */ = {isa = PBXBuildFile; fileRef = 883D700A1C0DAE22003ECEE2 /* ModelController.swift */; };
		883D700E1C0DAE22003ECEE2 /* Main.storyboard in Resources */ = {isa = PBXBuildFile; fileRef = 883D700C1C0DAE22003ECEE2 /* Main.storyboard */; };
		883D70101C0DAE22003ECEE2 /* Assets.xcassets in Resources */ = {isa = PBXBuildFile; fileRef = 883D700F1C0DAE22003ECEE2 /* Assets.xcassets */; };
		883D70131C0DAE22003ECEE2 /* LaunchScreen.storyboard in Resources */ = {isa = PBXBuildFile; fileRef = 883D70111C0DAE22003ECEE2 /* LaunchScreen.storyboard */; };
		883D70291C0DAE22003ECEE2 /* JustStudioUITests.swift in Sources */ = {isa = PBXBuildFile; fileRef = 883D70281C0DAE22003ECEE2 /* JustStudioUITests.swift */; };
		BA5A06A9450DD1CD8389F5D2 /* Pods_JustFacts_WatchOS_Extension.framework in Frameworks */ = {isa = PBXBuildFile; fileRef = A0899E4389F381D9937CCD07 /* Pods_JustFacts_WatchOS_Extension.framework */; };
		C350DB6D50EFEC23B70C990F /* Pods_JustStudio.framework in Frameworks */ = {isa = PBXBuildFile; fileRef = 492DADD39FD73FE0D68407A3 /* Pods_JustStudio.framework */; };
/* End PBXBuildFile section */

/* Begin PBXContainerItemProxy section */
		33AE23431DC1089800A9B22A /* PBXContainerItemProxy */ = {
			isa = PBXContainerItemProxy;
			containerPortal = 883D6FF91C0DAE22003ECEE2 /* Project object */;
			proxyType = 1;
			remoteGlobalIDString = 33AE23361DC1089800A9B22A;
			remoteInfo = "JustStudio iMessage";
		};
		75FC74591D8C2E3F00683CA0 /* PBXContainerItemProxy */ = {
			isa = PBXContainerItemProxy;
			containerPortal = 883D6FF91C0DAE22003ECEE2 /* Project object */;
			proxyType = 1;
			remoteGlobalIDString = 75FC74561D8C2E3F00683CA0;
			remoteInfo = "JustFacts WatchOS Extension";
		};
		75FC74671D8C2E4000683CA0 /* PBXContainerItemProxy */ = {
			isa = PBXContainerItemProxy;
			containerPortal = 883D6FF91C0DAE22003ECEE2 /* Project object */;
			proxyType = 1;
			remoteGlobalIDString = 75FC744A1D8C2E3E00683CA0;
			remoteInfo = "JustFacts WatchOS";
		};
		883D70251C0DAE22003ECEE2 /* PBXContainerItemProxy */ = {
			isa = PBXContainerItemProxy;
			containerPortal = 883D6FF91C0DAE22003ECEE2 /* Project object */;
			proxyType = 1;
			remoteGlobalIDString = 883D70001C0DAE22003ECEE2;
			remoteInfo = JustStudio;
		};
/* End PBXContainerItemProxy section */

/* Begin PBXCopyFilesBuildPhase section */
		33AE23491DC1089900A9B22A /* Embed App Extensions */ = {
			isa = PBXCopyFilesBuildPhase;
			buildActionMask = 2147483647;
			dstPath = "";
			dstSubfolderSpec = 13;
			files = (
				33AE23451DC1089800A9B22A /* JustStudio iMessage.appex in Embed App Extensions */,
			);
			name = "Embed App Extensions";
			runOnlyForDeploymentPostprocessing = 0;
		};
		753F161F1E9FDD4400C458D5 /* Embed Frameworks */ = {
			isa = PBXCopyFilesBuildPhase;
			buildActionMask = 2147483647;
			dstPath = "";
			dstSubfolderSpec = 10;
			files = (
				753F161E1E9FDD4400C458D5 /* RealmSwift.framework in Embed Frameworks */,
				753F161C1E9FDD4400C458D5 /* Realm.framework in Embed Frameworks */,
			);
			name = "Embed Frameworks";
			runOnlyForDeploymentPostprocessing = 0;
		};
		753F16241E9FDD6D00C458D5 /* Embed Frameworks */ = {
			isa = PBXCopyFilesBuildPhase;
			buildActionMask = 2147483647;
			dstPath = "";
			dstSubfolderSpec = 10;
			files = (
				753F16231E9FDD6C00C458D5 /* RealmSwift.framework in Embed Frameworks */,
				753F16211E9FDD6C00C458D5 /* Realm.framework in Embed Frameworks */,
			);
			name = "Embed Frameworks";
			runOnlyForDeploymentPostprocessing = 0;
		};
		75A683B21E93AFBD00721822 /* Embed Frameworks */ = {
			isa = PBXCopyFilesBuildPhase;
			buildActionMask = 2147483647;
			dstPath = "";
			dstSubfolderSpec = 10;
			files = (
				755E09781E93B83B004E2EAF /* RealmSwift.framework in Embed Frameworks */,
				755E09761E93B83B004E2EAF /* Realm.framework in Embed Frameworks */,
			);
			name = "Embed Frameworks";
			runOnlyForDeploymentPostprocessing = 0;
		};
		75FC746D1D8C2E4000683CA0 /* Embed App Extensions */ = {
			isa = PBXCopyFilesBuildPhase;
			buildActionMask = 2147483647;
			dstPath = "";
			dstSubfolderSpec = 13;
			files = (
				75FC74581D8C2E3F00683CA0 /* JustFacts WatchOS Extension.appex in Embed App Extensions */,
			);
			name = "Embed App Extensions";
			runOnlyForDeploymentPostprocessing = 0;
		};
		75FC74711D8C2E4000683CA0 /* Embed Watch Content */ = {
			isa = PBXCopyFilesBuildPhase;
			buildActionMask = 2147483647;
			dstPath = "$(CONTENTS_FOLDER_PATH)/Watch";
			dstSubfolderSpec = 16;
			files = (
				75FC74691D8C2E4000683CA0 /* JustFacts WatchOS.app in Embed Watch Content */,
			);
			name = "Embed Watch Content";
			runOnlyForDeploymentPostprocessing = 0;
		};
/* End PBXCopyFilesBuildPhase section */

/* Begin PBXFileReference section */
		1A6C4C7455CD19EF84BF4328 /* Pods-JustFacts WatchOS Extension.release.xcconfig */ = {isa = PBXFileReference; includeInIndex = 1; lastKnownFileType = text.xcconfig; name = "Pods-JustFacts WatchOS Extension.release.xcconfig"; path = "Pods/Target Support Files/Pods-JustFacts WatchOS Extension/Pods-JustFacts WatchOS Extension.release.xcconfig"; sourceTree = "<group>"; };
		28C62404C5D69967FED13264 /* Pods-JustStudioTests.debug.xcconfig */ = {isa = PBXFileReference; includeInIndex = 1; lastKnownFileType = text.xcconfig; name = "Pods-JustStudioTests.debug.xcconfig"; path = "Pods/Target Support Files/Pods-JustStudioTests/Pods-JustStudioTests.debug.xcconfig"; sourceTree = "<group>"; };
		33044B8D1DC26949005E4D38 /* CoreData.framework */ = {isa = PBXFileReference; lastKnownFileType = wrapper.framework; name = CoreData.framework; path = System/Library/Frameworks/CoreData.framework; sourceTree = SDKROOT; };
		3312B8BD1DC8A6E600E58A76 /* CategoryCell.swift */ = {isa = PBXFileReference; fileEncoding = 4; lastKnownFileType = sourcecode.swift; path = CategoryCell.swift; sourceTree = "<group>"; };
		3316C66E1DC3B6E30008F697 /* PeekViewController.swift */ = {isa = PBXFileReference; fileEncoding = 4; lastKnownFileType = sourcecode.swift; path = PeekViewController.swift; sourceTree = "<group>"; };
		3316C6701DC3BE930008F697 /* ImageItemRenderer.swift */ = {isa = PBXFileReference; fileEncoding = 4; lastKnownFileType = sourcecode.swift; path = ImageItemRenderer.swift; sourceTree = "<group>"; };
		33AE23371DC1089800A9B22A /* JustStudio iMessage.appex */ = {isa = PBXFileReference; explicitFileType = "wrapper.app-extension"; includeInIndex = 0; path = "JustStudio iMessage.appex"; sourceTree = BUILT_PRODUCTS_DIR; };
		33AE23381DC1089800A9B22A /* Messages.framework */ = {isa = PBXFileReference; lastKnownFileType = wrapper.framework; name = Messages.framework; path = System/Library/Frameworks/Messages.framework; sourceTree = SDKROOT; };
		33AE233B1DC1089800A9B22A /* MessagesViewController.swift */ = {isa = PBXFileReference; lastKnownFileType = sourcecode.swift; path = MessagesViewController.swift; sourceTree = "<group>"; };
		33AE233E1DC1089800A9B22A /* Base */ = {isa = PBXFileReference; lastKnownFileType = file.storyboard; name = Base; path = Base.lproj/MainInterface.storyboard; sourceTree = "<group>"; };
		33AE23401DC1089800A9B22A /* Assets.xcassets */ = {isa = PBXFileReference; lastKnownFileType = folder.assetcatalog; path = Assets.xcassets; sourceTree = "<group>"; };
		33AE23421DC1089800A9B22A /* Info.plist */ = {isa = PBXFileReference; lastKnownFileType = text.plist.xml; path = Info.plist; sourceTree = "<group>"; };
		33AE234A1DC10D7200A9B22A /* CategoryVC.swift */ = {isa = PBXFileReference; fileEncoding = 4; lastKnownFileType = sourcecode.swift; path = CategoryVC.swift; sourceTree = "<group>"; };
		33AE234C1DC1142400A9B22A /* FactsVC.swift */ = {isa = PBXFileReference; fileEncoding = 4; lastKnownFileType = sourcecode.swift; path = FactsVC.swift; sourceTree = "<group>"; };
		33AE234E1DC1161A00A9B22A /* PreviewVC.swift */ = {isa = PBXFileReference; fileEncoding = 4; lastKnownFileType = sourcecode.swift; path = PreviewVC.swift; sourceTree = "<group>"; };
		33AE23511DC11C0F00A9B22A /* FactCell.swift */ = {isa = PBXFileReference; fileEncoding = 4; lastKnownFileType = sourcecode.swift; path = FactCell.swift; sourceTree = "<group>"; };
		33AE23531DC11C4800A9B22A /* AddJustStudioStickerCell.swift */ = {isa = PBXFileReference; fileEncoding = 4; lastKnownFileType = sourcecode.swift; path = AddJustStudioStickerCell.swift; sourceTree = "<group>"; };
		33AE23551DC2214E00A9B22A /* BaseViewController.swift */ = {isa = PBXFileReference; fileEncoding = 4; lastKnownFileType = sourcecode.swift; path = BaseViewController.swift; sourceTree = "<group>"; };
		377BFE1D839CE693B7BCB1EA /* Pods-JustFacts WatchOS Extension.debug.xcconfig */ = {isa = PBXFileReference; includeInIndex = 1; lastKnownFileType = text.xcconfig; name = "Pods-JustFacts WatchOS Extension.debug.xcconfig"; path = "Pods/Target Support Files/Pods-JustFacts WatchOS Extension/Pods-JustFacts WatchOS Extension.debug.xcconfig"; sourceTree = "<group>"; };
		416BB99370592DD884B562DA /* Pods-JustStudio.release.xcconfig */ = {isa = PBXFileReference; includeInIndex = 1; lastKnownFileType = text.xcconfig; name = "Pods-JustStudio.release.xcconfig"; path = "Pods/Target Support Files/Pods-JustStudio/Pods-JustStudio.release.xcconfig"; sourceTree = "<group>"; };
		43DC92B38CDA76776EE6606B /* Pods-JustStudio iMessage.debug.xcconfig */ = {isa = PBXFileReference; includeInIndex = 1; lastKnownFileType = text.xcconfig; name = "Pods-JustStudio iMessage.debug.xcconfig"; path = "Pods/Target Support Files/Pods-JustStudio iMessage/Pods-JustStudio iMessage.debug.xcconfig"; sourceTree = "<group>"; };
		492DADD39FD73FE0D68407A3 /* Pods_JustStudio.framework */ = {isa = PBXFileReference; explicitFileType = wrapper.framework; includeInIndex = 0; path = Pods_JustStudio.framework; sourceTree = BUILT_PRODUCTS_DIR; };
		63485B8A1E2FB945004DF4A8 /* Avus W00 Condensed Medium.ttf */ = {isa = PBXFileReference; lastKnownFileType = file; path = "Avus W00 Condensed Medium.ttf"; sourceTree = "<group>"; };
		63DB480E1DBE23E500119897 /* Category.json */ = {isa = PBXFileReference; fileEncoding = 4; lastKnownFileType = text.json; name = Category.json; path = Shared/Category.json; sourceTree = "<group>"; };
		63DB480F1DBE23E500119897 /* Category.swift */ = {isa = PBXFileReference; fileEncoding = 4; lastKnownFileType = sourcecode.swift; name = Category.swift; path = Shared/Category.swift; sourceTree = "<group>"; };
		63DB48101DBE23E500119897 /* Fact.swift */ = {isa = PBXFileReference; fileEncoding = 4; lastKnownFileType = sourcecode.swift; name = Fact.swift; path = Shared/Fact.swift; sourceTree = "<group>"; };
		63DB48191DBE270700119897 /* UILabel+setDescription.swift */ = {isa = PBXFileReference; fileEncoding = 4; lastKnownFileType = sourcecode.swift; path = "UILabel+setDescription.swift"; sourceTree = "<group>"; };
		63DB481C1DBE290700119897 /* Base.swift */ = {isa = PBXFileReference; fileEncoding = 4; lastKnownFileType = sourcecode.swift; name = Base.swift; path = Shared/Base.swift; sourceTree = "<group>"; };
		63DB481E1DBE2DAE00119897 /* WKInterfaceLabel+setDescription.swift */ = {isa = PBXFileReference; fileEncoding = 4; lastKnownFileType = sourcecode.swift; path = "WKInterfaceLabel+setDescription.swift"; sourceTree = "<group>"; };
		7032002F94F590871BA16A88 /* Pods-JustStudio iMessage.release.xcconfig */ = {isa = PBXFileReference; includeInIndex = 1; lastKnownFileType = text.xcconfig; name = "Pods-JustStudio iMessage.release.xcconfig"; path = "Pods/Target Support Files/Pods-JustStudio iMessage/Pods-JustStudio iMessage.release.xcconfig"; sourceTree = "<group>"; };
		7505BE831E93BB70000B7686 /* JustFacts WatchOS-Bridging-Header.h */ = {isa = PBXFileReference; lastKnownFileType = sourcecode.c.h; path = "JustFacts WatchOS-Bridging-Header.h"; sourceTree = "<group>"; };
		751F353D1DABDC700099CB19 /* LibraryWatchAPI.swift */ = {isa = PBXFileReference; fileEncoding = 4; lastKnownFileType = sourcecode.swift; path = LibraryWatchAPI.swift; sourceTree = "<group>"; };
		751F35421DAD30230099CB19 /* FactsController.swift */ = {isa = PBXFileReference; fileEncoding = 4; lastKnownFileType = sourcecode.swift; path = FactsController.swift; sourceTree = "<group>"; };
		75227BDC1E9FB844006BD446 /* JustFacts WatchOS.entitlements */ = {isa = PBXFileReference; lastKnownFileType = text.plist.entitlements; path = "JustFacts WatchOS.entitlements"; sourceTree = "<group>"; };
		75227BDD1E9FB859006BD446 /* JustFacts WatchOS Extension.entitlements */ = {isa = PBXFileReference; lastKnownFileType = text.plist.entitlements; path = "JustFacts WatchOS Extension.entitlements"; sourceTree = "<group>"; };
		752E58831E93FE30003EF222 /* BaseDataModel.swift */ = {isa = PBXFileReference; fileEncoding = 4; lastKnownFileType = sourcecode.swift; path = BaseDataModel.swift; sourceTree = "<group>"; };
		752E58851E93FE4E003EF222 /* CategoryDataModel.swift */ = {isa = PBXFileReference; fileEncoding = 4; lastKnownFileType = sourcecode.swift; path = CategoryDataModel.swift; sourceTree = "<group>"; };
		752E58871E93FE77003EF222 /* FactDataModel.swift */ = {isa = PBXFileReference; fileEncoding = 4; lastKnownFileType = sourcecode.swift; path = FactDataModel.swift; sourceTree = "<group>"; };
		752E588D1E96A3DB003EF222 /* PersistencyManager.swift */ = {isa = PBXFileReference; fileEncoding = 4; lastKnownFileType = sourcecode.swift; path = PersistencyManager.swift; sourceTree = "<group>"; };
		752E588F1E96A404003EF222 /* HTTPClient.swift */ = {isa = PBXFileReference; fileEncoding = 4; lastKnownFileType = sourcecode.swift; path = HTTPClient.swift; sourceTree = "<group>"; };
		753F16131E9FDC4900C458D5 /* Realm.framework */ = {isa = PBXFileReference; lastKnownFileType = wrapper.framework; path = Realm.framework; sourceTree = "<group>"; };
		753F16141E9FDC4900C458D5 /* RealmSwift.framework */ = {isa = PBXFileReference; lastKnownFileType = wrapper.framework; path = RealmSwift.framework; sourceTree = "<group>"; };
		755150FC1C47EE1C00527733 /* UILable+Layout.swift */ = {isa = PBXFileReference; fileEncoding = 4; lastKnownFileType = sourcecode.swift; path = "UILable+Layout.swift"; sourceTree = "<group>"; };
		755856431E9E289F0091ABB5 /* JustStudio.entitlements */ = {isa = PBXFileReference; lastKnownFileType = text.plist.entitlements; path = JustStudio.entitlements; sourceTree = "<group>"; };
		755856441E9E28D70091ABB5 /* JustStudio iMessage.entitlements */ = {isa = PBXFileReference; lastKnownFileType = text.plist.entitlements; path = "JustStudio iMessage.entitlements"; sourceTree = "<group>"; };
		755856451E9E2B2C0091ABB5 /* AppGroupRealmConfiguration.swift */ = {isa = PBXFileReference; fileEncoding = 4; lastKnownFileType = sourcecode.swift; path = AppGroupRealmConfiguration.swift; sourceTree = "<group>"; };
		755E096B1E93B81F004E2EAF /* Realm.framework */ = {isa = PBXFileReference; lastKnownFileType = wrapper.framework; path = Realm.framework; sourceTree = "<group>"; };
		755E096C1E93B81F004E2EAF /* RealmSwift.framework */ = {isa = PBXFileReference; lastKnownFileType = wrapper.framework; path = RealmSwift.framework; sourceTree = "<group>"; };
		75620F3C1C4580E40069DD5F /* JustStudio-Bridging-Header.h */ = {isa = PBXFileReference; fileEncoding = 4; lastKnownFileType = sourcecode.c.h; path = "JustStudio-Bridging-Header.h"; sourceTree = "<group>"; };
		75620F401C464D880069DD5F /* CategoryCell.swift */ = {isa = PBXFileReference; fileEncoding = 4; lastKnownFileType = sourcecode.swift; path = CategoryCell.swift; sourceTree = "<group>"; };
		75620F421C464FB10069DD5F /* CategoryViewController.swift */ = {isa = PBXFileReference; fileEncoding = 4; lastKnownFileType = sourcecode.swift; path = CategoryViewController.swift; sourceTree = "<group>"; };
		75620F481C4671EC0069DD5F /* UIImage+ImageEffects.h */ = {isa = PBXFileReference; fileEncoding = 4; lastKnownFileType = sourcecode.c.h; name = "UIImage+ImageEffects.h"; path = "Support File/UIImage+ImageEffects.h"; sourceTree = "<group>"; };
		75620F491C4671EC0069DD5F /* UIImage+ImageEffects.m */ = {isa = PBXFileReference; fileEncoding = 4; lastKnownFileType = sourcecode.c.objc; name = "UIImage+ImageEffects.m"; path = "Support File/UIImage+ImageEffects.m"; sourceTree = "<group>"; };
		75D9A3131D92A01E0075BBBD /* CategoryRowController.swift */ = {isa = PBXFileReference; fileEncoding = 4; lastKnownFileType = sourcecode.swift; path = CategoryRowController.swift; sourceTree = "<group>"; };
		75DE668B1DABD3F200E52FD0 /* UIKit.framework */ = {isa = PBXFileReference; lastKnownFileType = wrapper.framework; name = UIKit.framework; path = System/Library/Frameworks/UIKit.framework; sourceTree = SDKROOT; };
		75FC744B1D8C2E3E00683CA0 /* JustFacts WatchOS.app */ = {isa = PBXFileReference; explicitFileType = wrapper.application; includeInIndex = 0; path = "JustFacts WatchOS.app"; sourceTree = BUILT_PRODUCTS_DIR; };
		75FC744E1D8C2E3E00683CA0 /* Base */ = {isa = PBXFileReference; lastKnownFileType = file.storyboard; name = Base; path = Base.lproj/Interface.storyboard; sourceTree = "<group>"; };
		75FC74501D8C2E3E00683CA0 /* Assets.xcassets */ = {isa = PBXFileReference; lastKnownFileType = folder.assetcatalog; path = Assets.xcassets; sourceTree = "<group>"; };
		75FC74521D8C2E3E00683CA0 /* Info.plist */ = {isa = PBXFileReference; lastKnownFileType = text.plist.xml; path = Info.plist; sourceTree = "<group>"; };
		75FC74571D8C2E3F00683CA0 /* JustFacts WatchOS Extension.appex */ = {isa = PBXFileReference; explicitFileType = "wrapper.app-extension"; includeInIndex = 0; path = "JustFacts WatchOS Extension.appex"; sourceTree = BUILT_PRODUCTS_DIR; };
		75FC745D1D8C2E3F00683CA0 /* PushNotificationPayload.apns */ = {isa = PBXFileReference; lastKnownFileType = text; path = PushNotificationPayload.apns; sourceTree = "<group>"; };
		75FC745E1D8C2E3F00683CA0 /* InterfaceController.swift */ = {isa = PBXFileReference; lastKnownFileType = sourcecode.swift; path = InterfaceController.swift; sourceTree = "<group>"; };
		75FC74601D8C2E3F00683CA0 /* ExtensionDelegate.swift */ = {isa = PBXFileReference; lastKnownFileType = sourcecode.swift; path = ExtensionDelegate.swift; sourceTree = "<group>"; };
		75FC74621D8C2E3F00683CA0 /* NotificationController.swift */ = {isa = PBXFileReference; lastKnownFileType = sourcecode.swift; path = NotificationController.swift; sourceTree = "<group>"; };
		75FC74641D8C2E3F00683CA0 /* Assets.xcassets */ = {isa = PBXFileReference; lastKnownFileType = folder.assetcatalog; path = Assets.xcassets; sourceTree = "<group>"; };
		75FC74661D8C2E3F00683CA0 /* Info.plist */ = {isa = PBXFileReference; lastKnownFileType = text.plist.xml; path = Info.plist; sourceTree = "<group>"; };
		883D70011C0DAE22003ECEE2 /* JustStudio.app */ = {isa = PBXFileReference; explicitFileType = wrapper.application; includeInIndex = 0; path = JustStudio.app; sourceTree = BUILT_PRODUCTS_DIR; };
		883D70041C0DAE22003ECEE2 /* AppDelegate.swift */ = {isa = PBXFileReference; lastKnownFileType = sourcecode.swift; path = AppDelegate.swift; sourceTree = "<group>"; };
		883D70061C0DAE22003ECEE2 /* CategoryDetailViewController.swift */ = {isa = PBXFileReference; lastKnownFileType = sourcecode.swift; path = CategoryDetailViewController.swift; sourceTree = "<group>"; };
		883D70081C0DAE22003ECEE2 /* DataViewController.swift */ = {isa = PBXFileReference; lastKnownFileType = sourcecode.swift; path = DataViewController.swift; sourceTree = "<group>"; };
		883D700A1C0DAE22003ECEE2 /* ModelController.swift */ = {isa = PBXFileReference; lastKnownFileType = sourcecode.swift; path = ModelController.swift; sourceTree = "<group>"; };
		883D700D1C0DAE22003ECEE2 /* Base */ = {isa = PBXFileReference; lastKnownFileType = file.storyboard; name = Base; path = Base.lproj/Main.storyboard; sourceTree = "<group>"; };
		883D700F1C0DAE22003ECEE2 /* Assets.xcassets */ = {isa = PBXFileReference; lastKnownFileType = folder.assetcatalog; path = Assets.xcassets; sourceTree = "<group>"; };
		883D70121C0DAE22003ECEE2 /* Base */ = {isa = PBXFileReference; lastKnownFileType = file.storyboard; name = Base; path = Base.lproj/LaunchScreen.storyboard; sourceTree = "<group>"; };
		883D70141C0DAE22003ECEE2 /* Info.plist */ = {isa = PBXFileReference; lastKnownFileType = text.plist.xml; path = Info.plist; sourceTree = "<group>"; };
		883D701D1C0DAE22003ECEE2 /* JustStudioTests.swift */ = {isa = PBXFileReference; lastKnownFileType = sourcecode.swift; path = JustStudioTests.swift; sourceTree = "<group>"; };
		883D701F1C0DAE22003ECEE2 /* Info.plist */ = {isa = PBXFileReference; lastKnownFileType = text.plist.xml; path = Info.plist; sourceTree = "<group>"; };
		883D70241C0DAE22003ECEE2 /* JustStudioUITests.xctest */ = {isa = PBXFileReference; explicitFileType = wrapper.cfbundle; includeInIndex = 0; path = JustStudioUITests.xctest; sourceTree = BUILT_PRODUCTS_DIR; };
		883D70281C0DAE22003ECEE2 /* JustStudioUITests.swift */ = {isa = PBXFileReference; lastKnownFileType = sourcecode.swift; path = JustStudioUITests.swift; sourceTree = "<group>"; };
		883D702A1C0DAE22003ECEE2 /* Info.plist */ = {isa = PBXFileReference; lastKnownFileType = text.plist.xml; path = Info.plist; sourceTree = "<group>"; };
		88F1E09B1C24511100D8C28C /* LibraryAPI.swift */ = {isa = PBXFileReference; fileEncoding = 4; lastKnownFileType = sourcecode.swift; name = LibraryAPI.swift; path = API/LibraryAPI.swift; sourceTree = "<group>"; };
		A0899E4389F381D9937CCD07 /* Pods_JustFacts_WatchOS_Extension.framework */ = {isa = PBXFileReference; explicitFileType = wrapper.framework; includeInIndex = 0; path = Pods_JustFacts_WatchOS_Extension.framework; sourceTree = BUILT_PRODUCTS_DIR; };
		B1C005892976BBF185CFFA91 /* Pods_JustStudio_iMessage.framework */ = {isa = PBXFileReference; explicitFileType = wrapper.framework; includeInIndex = 0; path = Pods_JustStudio_iMessage.framework; sourceTree = BUILT_PRODUCTS_DIR; };
		B2A739AF0A7367AC9D47AEDE /* Pods-JustStudioTests.release.xcconfig */ = {isa = PBXFileReference; includeInIndex = 1; lastKnownFileType = text.xcconfig; name = "Pods-JustStudioTests.release.xcconfig"; path = "Pods/Target Support Files/Pods-JustStudioTests/Pods-JustStudioTests.release.xcconfig"; sourceTree = "<group>"; };
		DADD5D824B7B0B8FB7772D82 /* Pods-JustStudio.debug.xcconfig */ = {isa = PBXFileReference; includeInIndex = 1; lastKnownFileType = text.xcconfig; name = "Pods-JustStudio.debug.xcconfig"; path = "Pods/Target Support Files/Pods-JustStudio/Pods-JustStudio.debug.xcconfig"; sourceTree = "<group>"; };
		EC49613D166B624246FB2113 /* Pods_JustStudioUITests.framework */ = {isa = PBXFileReference; explicitFileType = wrapper.framework; includeInIndex = 0; path = Pods_JustStudioUITests.framework; sourceTree = BUILT_PRODUCTS_DIR; };
		F23405B96ED7B27E692B4A59 /* Pods_JustStudioTests.framework */ = {isa = PBXFileReference; explicitFileType = wrapper.framework; includeInIndex = 0; path = Pods_JustStudioTests.framework; sourceTree = BUILT_PRODUCTS_DIR; };
/* End PBXFileReference section */

/* Begin PBXFrameworksBuildPhase section */
		33AE23341DC1089800A9B22A /* Frameworks */ = {
			isa = PBXFrameworksBuildPhase;
			buildActionMask = 2147483647;
			files = (
				755E09701E93B81F004E2EAF /* Realm.framework in Frameworks */,
				755E09741E93B81F004E2EAF /* RealmSwift.framework in Frameworks */,
				33AE23391DC1089800A9B22A /* Messages.framework in Frameworks */,
				047E36AAC38C68AD574D0587 /* Pods_JustStudio_iMessage.framework in Frameworks */,
			);
			runOnlyForDeploymentPostprocessing = 0;
		};
		75FC74541D8C2E3F00683CA0 /* Frameworks */ = {
			isa = PBXFrameworksBuildPhase;
			buildActionMask = 2147483647;
			files = (
				753F16191E9FDD3A00C458D5 /* Realm.framework in Frameworks */,
				753F161A1E9FDD3A00C458D5 /* RealmSwift.framework in Frameworks */,
				BA5A06A9450DD1CD8389F5D2 /* Pods_JustFacts_WatchOS_Extension.framework in Frameworks */,
			);
			runOnlyForDeploymentPostprocessing = 0;
		};
		80A8DD6332CCE08FDE958D1A /* Frameworks */ = {
			isa = PBXFrameworksBuildPhase;
			buildActionMask = 2147483647;
			files = (
				753F16221E9FDD6C00C458D5 /* RealmSwift.framework in Frameworks */,
				753F16201E9FDD6C00C458D5 /* Realm.framework in Frameworks */,
			);
			runOnlyForDeploymentPostprocessing = 0;
		};
		883D6FFE1C0DAE22003ECEE2 /* Frameworks */ = {
			isa = PBXFrameworksBuildPhase;
			buildActionMask = 2147483647;
			files = (
				755E096D1E93B81F004E2EAF /* Realm.framework in Frameworks */,
				75DE668C1DABD3F200E52FD0 /* UIKit.framework in Frameworks */,
				755E09771E93B83B004E2EAF /* RealmSwift.framework in Frameworks */,
				C350DB6D50EFEC23B70C990F /* Pods_JustStudio.framework in Frameworks */,
			);
			runOnlyForDeploymentPostprocessing = 0;
		};
		883D70211C0DAE22003ECEE2 /* Frameworks */ = {
			isa = PBXFrameworksBuildPhase;
			buildActionMask = 2147483647;
			files = (
			);
			runOnlyForDeploymentPostprocessing = 0;
		};
/* End PBXFrameworksBuildPhase section */

/* Begin PBXGroup section */
		010FBF951B2C6282BE1C038C /* Pods */ = {
			isa = PBXGroup;
			children = (
				DADD5D824B7B0B8FB7772D82 /* Pods-JustStudio.debug.xcconfig */,
				416BB99370592DD884B562DA /* Pods-JustStudio.release.xcconfig */,
				28C62404C5D69967FED13264 /* Pods-JustStudioTests.debug.xcconfig */,
				B2A739AF0A7367AC9D47AEDE /* Pods-JustStudioTests.release.xcconfig */,
				377BFE1D839CE693B7BCB1EA /* Pods-JustFacts WatchOS Extension.debug.xcconfig */,
				1A6C4C7455CD19EF84BF4328 /* Pods-JustFacts WatchOS Extension.release.xcconfig */,
				43DC92B38CDA76776EE6606B /* Pods-JustStudio iMessage.debug.xcconfig */,
				7032002F94F590871BA16A88 /* Pods-JustStudio iMessage.release.xcconfig */,
			);
			name = Pods;
			sourceTree = "<group>";
		};
		33AE233A1DC1089800A9B22A /* JustStudio iMessage */ = {
			isa = PBXGroup;
			children = (
				755856441E9E28D70091ABB5 /* JustStudio iMessage.entitlements */,
				33AE23501DC11B8A00A9B22A /* CollectionViewCell */,
				33AE233B1DC1089800A9B22A /* MessagesViewController.swift */,
				33AE234A1DC10D7200A9B22A /* CategoryVC.swift */,
				33AE234C1DC1142400A9B22A /* FactsVC.swift */,
				33AE234E1DC1161A00A9B22A /* PreviewVC.swift */,
				33AE23551DC2214E00A9B22A /* BaseViewController.swift */,
				33AE233D1DC1089800A9B22A /* MainInterface.storyboard */,
				33AE23401DC1089800A9B22A /* Assets.xcassets */,
				33AE23421DC1089800A9B22A /* Info.plist */,
				3316C66E1DC3B6E30008F697 /* PeekViewController.swift */,
				3316C6701DC3BE930008F697 /* ImageItemRenderer.swift */,
			);
			path = "JustStudio iMessage";
			sourceTree = "<group>";
		};
		33AE23501DC11B8A00A9B22A /* CollectionViewCell */ = {
			isa = PBXGroup;
			children = (
				33AE23511DC11C0F00A9B22A /* FactCell.swift */,
				33AE23531DC11C4800A9B22A /* AddJustStudioStickerCell.swift */,
				3312B8BD1DC8A6E600E58A76 /* CategoryCell.swift */,
			);
			name = CollectionViewCell;
			sourceTree = "<group>";
		};
		751F353C1DABDB870099CB19 /* API */ = {
			isa = PBXGroup;
			children = (
				751F353D1DABDC700099CB19 /* LibraryWatchAPI.swift */,
			);
			name = API;
			sourceTree = "<group>";
		};
		753F16121E9FDC4900C458D5 /* watch_swift-3.1 */ = {
			isa = PBXGroup;
			children = (
				753F16131E9FDC4900C458D5 /* Realm.framework */,
				753F16141E9FDC4900C458D5 /* RealmSwift.framework */,
			);
			path = "watch_swift-3.1";
			sourceTree = "<group>";
		};
		755150F81C47E41A00527733 /* Category */ = {
			isa = PBXGroup;
			children = (
				63DB48191DBE270700119897 /* UILabel+setDescription.swift */,
				75620F481C4671EC0069DD5F /* UIImage+ImageEffects.h */,
				75620F491C4671EC0069DD5F /* UIImage+ImageEffects.m */,
				755150FC1C47EE1C00527733 /* UILable+Layout.swift */,
				63DB481E1DBE2DAE00119897 /* WKInterfaceLabel+setDescription.swift */,
			);
			name = Category;
			sourceTree = "<group>";
		};
		755E096A1E93B81F004E2EAF /* swift-3.1 */ = {
			isa = PBXGroup;
			children = (
				755E096B1E93B81F004E2EAF /* Realm.framework */,
				755E096C1E93B81F004E2EAF /* RealmSwift.framework */,
			);
			path = "swift-3.1";
			sourceTree = "<group>";
		};
		75620F3F1C464D280069DD5F /* Category */ = {
			isa = PBXGroup;
			children = (
				75620F401C464D880069DD5F /* CategoryCell.swift */,
				75620F421C464FB10069DD5F /* CategoryViewController.swift */,
			);
			name = Category;
			sourceTree = "<group>";
		};
		75620F441C4671570069DD5F /* Support File */ = {
			isa = PBXGroup;
			children = (
				63485B8A1E2FB945004DF4A8 /* Avus W00 Condensed Medium.ttf */,
				755150F81C47E41A00527733 /* Category */,
			);
			name = "Support File";
			sourceTree = "<group>";
		};
		75FC744C1D8C2E3E00683CA0 /* JustFacts WatchOS */ = {
			isa = PBXGroup;
			children = (
				75227BDC1E9FB844006BD446 /* JustFacts WatchOS.entitlements */,
				75FC744D1D8C2E3E00683CA0 /* Interface.storyboard */,
				75FC74501D8C2E3E00683CA0 /* Assets.xcassets */,
				75FC74521D8C2E3E00683CA0 /* Info.plist */,
			);
			path = "JustFacts WatchOS";
			sourceTree = "<group>";
		};
		75FC745B1D8C2E3F00683CA0 /* JustFacts WatchOS Extension */ = {
			isa = PBXGroup;
			children = (
				75227BDD1E9FB859006BD446 /* JustFacts WatchOS Extension.entitlements */,
				751F353C1DABDB870099CB19 /* API */,
				751F35421DAD30230099CB19 /* FactsController.swift */,
				75FC745E1D8C2E3F00683CA0 /* InterfaceController.swift */,
				75FC74601D8C2E3F00683CA0 /* ExtensionDelegate.swift */,
				75D9A3131D92A01E0075BBBD /* CategoryRowController.swift */,
				75FC74621D8C2E3F00683CA0 /* NotificationController.swift */,
				75FC74641D8C2E3F00683CA0 /* Assets.xcassets */,
				75FC74661D8C2E3F00683CA0 /* Info.plist */,
				75FC745C1D8C2E3F00683CA0 /* Supporting Files */,
			);
			path = "JustFacts WatchOS Extension";
			sourceTree = "<group>";
		};
		75FC745C1D8C2E3F00683CA0 /* Supporting Files */ = {
			isa = PBXGroup;
			children = (
				75FC745D1D8C2E3F00683CA0 /* PushNotificationPayload.apns */,
			);
			name = "Supporting Files";
			sourceTree = "<group>";
		};
		75FC74721D8C3C0400683CA0 /* Shared */ = {
			isa = PBXGroup;
			children = (
				63DB480E1DBE23E500119897 /* Category.json */,
				63DB48101DBE23E500119897 /* Fact.swift */,
				63DB481C1DBE290700119897 /* Base.swift */,
				63DB480F1DBE23E500119897 /* Category.swift */,
				752E58831E93FE30003EF222 /* BaseDataModel.swift */,
				752E58851E93FE4E003EF222 /* CategoryDataModel.swift */,
				752E58871E93FE77003EF222 /* FactDataModel.swift */,
				755856451E9E2B2C0091ABB5 /* AppGroupRealmConfiguration.swift */,
			);
			name = Shared;
			sourceTree = "<group>";
		};
		883D6FF81C0DAE22003ECEE2 = {
			isa = PBXGroup;
			children = (
				75FC74721D8C3C0400683CA0 /* Shared */,
				883D70031C0DAE22003ECEE2 /* JustStudio */,
				883D701C1C0DAE22003ECEE2 /* JustStudioTests */,
				883D70271C0DAE22003ECEE2 /* JustStudioUITests */,
				75FC744C1D8C2E3E00683CA0 /* JustFacts WatchOS */,
				75FC745B1D8C2E3F00683CA0 /* JustFacts WatchOS Extension */,
				33AE233A1DC1089800A9B22A /* JustStudio iMessage */,
				883D70021C0DAE22003ECEE2 /* Products */,
				010FBF951B2C6282BE1C038C /* Pods */,
				F4B5816DB2F43C9DC5A3C79F /* Frameworks */,
				7505BE831E93BB70000B7686 /* JustFacts WatchOS-Bridging-Header.h */,
			);
			sourceTree = "<group>";
		};
		883D70021C0DAE22003ECEE2 /* Products */ = {
			isa = PBXGroup;
			children = (
				883D70011C0DAE22003ECEE2 /* JustStudio.app */,
				883D70241C0DAE22003ECEE2 /* JustStudioUITests.xctest */,
				75FC744B1D8C2E3E00683CA0 /* JustFacts WatchOS.app */,
				75FC74571D8C2E3F00683CA0 /* JustFacts WatchOS Extension.appex */,
				33AE23371DC1089800A9B22A /* JustStudio iMessage.appex */,
			);
			name = Products;
			sourceTree = "<group>";
		};
		883D70031C0DAE22003ECEE2 /* JustStudio */ = {
			isa = PBXGroup;
			children = (
				755856431E9E289F0091ABB5 /* JustStudio.entitlements */,
				75620F441C4671570069DD5F /* Support File */,
				75620F3F1C464D280069DD5F /* Category */,
				88F1E09A1C24506C00D8C28C /* API */,
				883D70041C0DAE22003ECEE2 /* AppDelegate.swift */,
				883D70061C0DAE22003ECEE2 /* CategoryDetailViewController.swift */,
				883D70081C0DAE22003ECEE2 /* DataViewController.swift */,
				883D700A1C0DAE22003ECEE2 /* ModelController.swift */,
				883D700C1C0DAE22003ECEE2 /* Main.storyboard */,
				883D700F1C0DAE22003ECEE2 /* Assets.xcassets */,
				883D70111C0DAE22003ECEE2 /* LaunchScreen.storyboard */,
				883D70141C0DAE22003ECEE2 /* Info.plist */,
				75620F3C1C4580E40069DD5F /* JustStudio-Bridging-Header.h */,
			);
			path = JustStudio;
			sourceTree = "<group>";
		};
		883D701C1C0DAE22003ECEE2 /* JustStudioTests */ = {
			isa = PBXGroup;
			children = (
				883D701D1C0DAE22003ECEE2 /* JustStudioTests.swift */,
				883D701F1C0DAE22003ECEE2 /* Info.plist */,
			);
			path = JustStudioTests;
			sourceTree = "<group>";
		};
		883D70271C0DAE22003ECEE2 /* JustStudioUITests */ = {
			isa = PBXGroup;
			children = (
				883D70281C0DAE22003ECEE2 /* JustStudioUITests.swift */,
				883D702A1C0DAE22003ECEE2 /* Info.plist */,
			);
			path = JustStudioUITests;
			sourceTree = "<group>";
		};
		88F1E09A1C24506C00D8C28C /* API */ = {
			isa = PBXGroup;
			children = (
				88F1E09B1C24511100D8C28C /* LibraryAPI.swift */,
				752E588F1E96A404003EF222 /* HTTPClient.swift */,
				752E588D1E96A3DB003EF222 /* PersistencyManager.swift */,
			);
			name = API;
			sourceTree = "<group>";
		};
		F4B5816DB2F43C9DC5A3C79F /* Frameworks */ = {
			isa = PBXGroup;
			children = (
				753F16121E9FDC4900C458D5 /* watch_swift-3.1 */,
				755E096A1E93B81F004E2EAF /* swift-3.1 */,
				33044B8D1DC26949005E4D38 /* CoreData.framework */,
				75DE668B1DABD3F200E52FD0 /* UIKit.framework */,
				492DADD39FD73FE0D68407A3 /* Pods_JustStudio.framework */,
				F23405B96ED7B27E692B4A59 /* Pods_JustStudioTests.framework */,
				EC49613D166B624246FB2113 /* Pods_JustStudioUITests.framework */,
				A0899E4389F381D9937CCD07 /* Pods_JustFacts_WatchOS_Extension.framework */,
				33AE23381DC1089800A9B22A /* Messages.framework */,
				B1C005892976BBF185CFFA91 /* Pods_JustStudio_iMessage.framework */,
			);
			name = Frameworks;
			sourceTree = "<group>";
		};
/* End PBXGroup section */

/* Begin PBXNativeTarget section */
		33AE23361DC1089800A9B22A /* JustStudio iMessage */ = {
			isa = PBXNativeTarget;
			buildConfigurationList = 33AE23461DC1089900A9B22A /* Build configuration list for PBXNativeTarget "JustStudio iMessage" */;
			buildPhases = (
				A3086B091FB384509467BBA8 /* [CP] Check Pods Manifest.lock */,
				33AE23331DC1089800A9B22A /* Sources */,
				33AE23341DC1089800A9B22A /* Frameworks */,
				33AE23351DC1089800A9B22A /* Resources */,
				698722AF649FD69B2C4F80CD /* [CP] Copy Pods Resources */,
			);
			buildRules = (
			);
			dependencies = (
			);
			name = "JustStudio iMessage";
			productName = "JustStudio iMessage";
			productReference = 33AE23371DC1089800A9B22A /* JustStudio iMessage.appex */;
			productType = "com.apple.product-type.app-extension.messages";
		};
		75FC744A1D8C2E3E00683CA0 /* JustFacts WatchOS */ = {
			isa = PBXNativeTarget;
			buildConfigurationList = 75FC746E1D8C2E4000683CA0 /* Build configuration list for PBXNativeTarget "JustFacts WatchOS" */;
			buildPhases = (
				75FC74491D8C2E3E00683CA0 /* Resources */,
				75FC746D1D8C2E4000683CA0 /* Embed App Extensions */,
				80A8DD6332CCE08FDE958D1A /* Frameworks */,
				753F16241E9FDD6D00C458D5 /* Embed Frameworks */,
			);
			buildRules = (
			);
			dependencies = (
				75FC745A1D8C2E3F00683CA0 /* PBXTargetDependency */,
			);
			name = "JustFacts WatchOS";
			productName = "JustFacts WatchOS";
			productReference = 75FC744B1D8C2E3E00683CA0 /* JustFacts WatchOS.app */;
			productType = "com.apple.product-type.application.watchapp2";
		};
		75FC74561D8C2E3F00683CA0 /* JustFacts WatchOS Extension */ = {
			isa = PBXNativeTarget;
			buildConfigurationList = 75FC746A1D8C2E4000683CA0 /* Build configuration list for PBXNativeTarget "JustFacts WatchOS Extension" */;
			buildPhases = (
				9E782E0CB85FA8637B1B106A /* [CP] Check Pods Manifest.lock */,
				1BD7D0F1CDAF9412955EB24F /* [CP] Check Pods Manifest.lock */,
				64926ECCBC6EB88F0340B45A /* [CP] Check Pods Manifest.lock */,
				75FC74531D8C2E3F00683CA0 /* Sources */,
				75FC74541D8C2E3F00683CA0 /* Frameworks */,
				75FC74551D8C2E3F00683CA0 /* Resources */,
				450ECFC3882F700567B429E2 /* [CP] Embed Pods Frameworks */,
				A3F441C81F90DDD3D668F13F /* [CP] Copy Pods Resources */,
				F457ED1D96570A2B62B91BE3 /* 📦 Embed Pods Frameworks */,
				0393F8D16A13D429DD900433 /* 📦 Copy Pods Resources */,
				753F161F1E9FDD4400C458D5 /* Embed Frameworks */,
			);
			buildRules = (
			);
			dependencies = (
			);
			name = "JustFacts WatchOS Extension";
			productName = "JustFacts WatchOS Extension";
			productReference = 75FC74571D8C2E3F00683CA0 /* JustFacts WatchOS Extension.appex */;
			productType = "com.apple.product-type.watchkit2-extension";
		};
		883D70001C0DAE22003ECEE2 /* JustStudio */ = {
			isa = PBXNativeTarget;
			buildConfigurationList = 883D702D1C0DAE22003ECEE2 /* Build configuration list for PBXNativeTarget "JustStudio" */;
			buildPhases = (
				B381DABDF8674D34BE27D3A7 /* [CP] Check Pods Manifest.lock */,
				6DF4FA4EC44A697080830041 /* [CP] Check Pods Manifest.lock */,
				A9BBB0F60A50B7E0553DE80D /* [CP] Check Pods Manifest.lock */,
				883D6FFD1C0DAE22003ECEE2 /* Sources */,
				883D6FFE1C0DAE22003ECEE2 /* Frameworks */,
				883D6FFF1C0DAE22003ECEE2 /* Resources */,
				4E63342072CA38680BFF8E0D /* [CP] Embed Pods Frameworks */,
				07A5E0E394EA94BA3121002C /* [CP] Copy Pods Resources */,
				75FC74711D8C2E4000683CA0 /* Embed Watch Content */,
				2D8958D8F2003B77B6ED654B /* 📦 Embed Pods Frameworks */,
				E6D7F49B674841B5EB434F11 /* 📦 Copy Pods Resources */,
				33AE23491DC1089900A9B22A /* Embed App Extensions */,
				75A683B21E93AFBD00721822 /* Embed Frameworks */,
				755E09691E93B62F004E2EAF /* ShellScript */,
			);
			buildRules = (
			);
			dependencies = (
				75FC74681D8C2E4000683CA0 /* PBXTargetDependency */,
				33AE23441DC1089800A9B22A /* PBXTargetDependency */,
			);
			name = JustStudio;
			productName = JustStudio;
			productReference = 883D70011C0DAE22003ECEE2 /* JustStudio.app */;
			productType = "com.apple.product-type.application";
		};
		883D70231C0DAE22003ECEE2 /* JustStudioUITests */ = {
			isa = PBXNativeTarget;
			buildConfigurationList = 883D70331C0DAE22003ECEE2 /* Build configuration list for PBXNativeTarget "JustStudioUITests" */;
			buildPhases = (
				883D70201C0DAE22003ECEE2 /* Sources */,
				883D70211C0DAE22003ECEE2 /* Frameworks */,
				883D70221C0DAE22003ECEE2 /* Resources */,
			);
			buildRules = (
			);
			dependencies = (
				883D70261C0DAE22003ECEE2 /* PBXTargetDependency */,
			);
			name = JustStudioUITests;
			productName = JustStudioUITests;
			productReference = 883D70241C0DAE22003ECEE2 /* JustStudioUITests.xctest */;
			productType = "com.apple.product-type.bundle.ui-testing";
		};
/* End PBXNativeTarget section */

/* Begin PBXProject section */
		883D6FF91C0DAE22003ECEE2 /* Project object */ = {
			isa = PBXProject;
			attributes = {
				LastSwiftUpdateCheck = 0800;
				LastUpgradeCheck = 0830;
				ORGANIZATIONNAME = Imac;
				TargetAttributes = {
					33AE23361DC1089800A9B22A = {
						CreatedOnToolsVersion = 8.0;
						DevelopmentTeam = UT3YUVT7N2;
						ProvisioningStyle = Automatic;
						SystemCapabilities = {
							com.apple.ApplicationGroups.iOS = {
								enabled = 1;
							};
						};
					};
					75FC744A1D8C2E3E00683CA0 = {
						CreatedOnToolsVersion = 7.3.1;
						DevelopmentTeam = UT3YUVT7N2;
						LastSwiftMigration = 0830;
						ProvisioningStyle = Automatic;
						SystemCapabilities = {
							com.apple.ApplicationGroups.iOS = {
								enabled = 1;
							};
						};
					};
					75FC74561D8C2E3F00683CA0 = {
						CreatedOnToolsVersion = 7.3.1;
						DevelopmentTeam = UT3YUVT7N2;
						LastSwiftMigration = 0800;
						ProvisioningStyle = Automatic;
						SystemCapabilities = {
							com.apple.ApplicationGroups.iOS = {
								enabled = 1;
							};
						};
					};
					883D70001C0DAE22003ECEE2 = {
						CreatedOnToolsVersion = 7.1.1;
						DevelopmentTeam = UT3YUVT7N2;
						LastSwiftMigration = 0800;
						SystemCapabilities = {
							com.apple.ApplicationGroups.iOS = {
								enabled = 1;
							};
						};
					};
					883D70231C0DAE22003ECEE2 = {
						CreatedOnToolsVersion = 7.1.1;
						DevelopmentTeam = UT3YUVT7N2;
						LastSwiftMigration = 0800;
						TestTargetID = 883D70001C0DAE22003ECEE2;
					};
				};
			};
			buildConfigurationList = 883D6FFC1C0DAE22003ECEE2 /* Build configuration list for PBXProject "JustStudio" */;
			compatibilityVersion = "Xcode 3.2";
			developmentRegion = English;
			hasScannedForEncodings = 0;
			knownRegions = (
				en,
				Base,
			);
			mainGroup = 883D6FF81C0DAE22003ECEE2;
			productRefGroup = 883D70021C0DAE22003ECEE2 /* Products */;
			projectDirPath = "";
			projectRoot = "";
			targets = (
				883D70001C0DAE22003ECEE2 /* JustStudio */,
				883D70231C0DAE22003ECEE2 /* JustStudioUITests */,
				75FC744A1D8C2E3E00683CA0 /* JustFacts WatchOS */,
				75FC74561D8C2E3F00683CA0 /* JustFacts WatchOS Extension */,
				33AE23361DC1089800A9B22A /* JustStudio iMessage */,
			);
		};
/* End PBXProject section */

/* Begin PBXResourcesBuildPhase section */
		33AE23351DC1089800A9B22A /* Resources */ = {
			isa = PBXResourcesBuildPhase;
			buildActionMask = 2147483647;
			files = (
				63485B8C1E2FB945004DF4A8 /* Avus W00 Condensed Medium.ttf in Resources */,
				33AE23411DC1089800A9B22A /* Assets.xcassets in Resources */,
				33AE233F1DC1089800A9B22A /* MainInterface.storyboard in Resources */,
			);
			runOnlyForDeploymentPostprocessing = 0;
		};
		75FC74491D8C2E3E00683CA0 /* Resources */ = {
			isa = PBXResourcesBuildPhase;
			buildActionMask = 2147483647;
			files = (
				75FC74511D8C2E3E00683CA0 /* Assets.xcassets in Resources */,
				75FC744F1D8C2E3E00683CA0 /* Interface.storyboard in Resources */,
			);
			runOnlyForDeploymentPostprocessing = 0;
		};
		75FC74551D8C2E3F00683CA0 /* Resources */ = {
			isa = PBXResourcesBuildPhase;
			buildActionMask = 2147483647;
			files = (
				75FC74651D8C2E3F00683CA0 /* Assets.xcassets in Resources */,
				63DB48181DBE260200119897 /* Category.json in Resources */,
			);
			runOnlyForDeploymentPostprocessing = 0;
		};
		883D6FFF1C0DAE22003ECEE2 /* Resources */ = {
			isa = PBXResourcesBuildPhase;
			buildActionMask = 2147483647;
			files = (
				63485B8B1E2FB945004DF4A8 /* Avus W00 Condensed Medium.ttf in Resources */,
				883D70131C0DAE22003ECEE2 /* LaunchScreen.storyboard in Resources */,
				883D70101C0DAE22003ECEE2 /* Assets.xcassets in Resources */,
				883D700E1C0DAE22003ECEE2 /* Main.storyboard in Resources */,
			);
			runOnlyForDeploymentPostprocessing = 0;
		};
		883D70221C0DAE22003ECEE2 /* Resources */ = {
			isa = PBXResourcesBuildPhase;
			buildActionMask = 2147483647;
			files = (
			);
			runOnlyForDeploymentPostprocessing = 0;
		};
/* End PBXResourcesBuildPhase section */

/* Begin PBXShellScriptBuildPhase section */
		0393F8D16A13D429DD900433 /* 📦 Copy Pods Resources */ = {
			isa = PBXShellScriptBuildPhase;
			buildActionMask = 2147483647;
			files = (
			);
			inputPaths = (
			);
			name = "📦 Copy Pods Resources";
			outputPaths = (
			);
			runOnlyForDeploymentPostprocessing = 0;
			shellPath = /bin/sh;
			shellScript = "\"${SRCROOT}/Pods/Target Support Files/Pods-JustFacts WatchOS Extension/Pods-JustFacts WatchOS Extension-resources.sh\"\n";
			showEnvVarsInLog = 0;
		};
		07A5E0E394EA94BA3121002C /* [CP] Copy Pods Resources */ = {
			isa = PBXShellScriptBuildPhase;
			buildActionMask = 2147483647;
			files = (
			);
			inputPaths = (
			);
			name = "[CP] Copy Pods Resources";
			outputPaths = (
			);
			runOnlyForDeploymentPostprocessing = 0;
			shellPath = /bin/sh;
			shellScript = "\"${SRCROOT}/Pods/Target Support Files/Pods-JustStudio/Pods-JustStudio-resources.sh\"\n";
			showEnvVarsInLog = 0;
		};
		1BD7D0F1CDAF9412955EB24F /* [CP] Check Pods Manifest.lock */ = {
			isa = PBXShellScriptBuildPhase;
			buildActionMask = 2147483647;
			files = (
			);
			inputPaths = (
			);
			name = "[CP] Check Pods Manifest.lock";
			outputPaths = (
			);
			runOnlyForDeploymentPostprocessing = 0;
			shellPath = /bin/sh;
			shellScript = "diff \"${PODS_ROOT}/../Podfile.lock\" \"${PODS_ROOT}/Manifest.lock\" > /dev/null\nif [[ $? != 0 ]] ; then\n    cat << EOM\nerror: The sandbox is not in sync with the Podfile.lock. Run 'pod install' or update your CocoaPods installation.\nEOM\n    exit 1\nfi\n";
			showEnvVarsInLog = 0;
		};
		2D8958D8F2003B77B6ED654B /* 📦 Embed Pods Frameworks */ = {
			isa = PBXShellScriptBuildPhase;
			buildActionMask = 2147483647;
			files = (
			);
			inputPaths = (
			);
			name = "📦 Embed Pods Frameworks";
			outputPaths = (
			);
			runOnlyForDeploymentPostprocessing = 0;
			shellPath = /bin/sh;
			shellScript = "\"${SRCROOT}/Pods/Target Support Files/Pods-JustStudio/Pods-JustStudio-frameworks.sh\"\n";
			showEnvVarsInLog = 0;
		};
		450ECFC3882F700567B429E2 /* [CP] Embed Pods Frameworks */ = {
			isa = PBXShellScriptBuildPhase;
			buildActionMask = 2147483647;
			files = (
			);
			inputPaths = (
			);
			name = "[CP] Embed Pods Frameworks";
			outputPaths = (
			);
			runOnlyForDeploymentPostprocessing = 0;
			shellPath = /bin/sh;
			shellScript = "\"${SRCROOT}/Pods/Target Support Files/Pods-JustFacts WatchOS Extension/Pods-JustFacts WatchOS Extension-frameworks.sh\"\n";
			showEnvVarsInLog = 0;
		};
		4E63342072CA38680BFF8E0D /* [CP] Embed Pods Frameworks */ = {
			isa = PBXShellScriptBuildPhase;
			buildActionMask = 2147483647;
			files = (
			);
			inputPaths = (
			);
			name = "[CP] Embed Pods Frameworks";
			outputPaths = (
			);
			runOnlyForDeploymentPostprocessing = 0;
			shellPath = /bin/sh;
			shellScript = "\"${SRCROOT}/Pods/Target Support Files/Pods-JustStudio/Pods-JustStudio-frameworks.sh\"\n";
			showEnvVarsInLog = 0;
		};
		64926ECCBC6EB88F0340B45A /* [CP] Check Pods Manifest.lock */ = {
			isa = PBXShellScriptBuildPhase;
			buildActionMask = 2147483647;
			files = (
			);
			inputPaths = (
			);
			name = "[CP] Check Pods Manifest.lock";
			outputPaths = (
			);
			runOnlyForDeploymentPostprocessing = 0;
			shellPath = /bin/sh;
			shellScript = "diff \"${PODS_ROOT}/../Podfile.lock\" \"${PODS_ROOT}/Manifest.lock\" > /dev/null\nif [[ $? != 0 ]] ; then\n    cat << EOM\nerror: The sandbox is not in sync with the Podfile.lock. Run 'pod install' or update your CocoaPods installation.\nEOM\n    exit 1\nfi\n";
			showEnvVarsInLog = 0;
		};
		698722AF649FD69B2C4F80CD /* [CP] Copy Pods Resources */ = {
			isa = PBXShellScriptBuildPhase;
			buildActionMask = 2147483647;
			files = (
			);
			inputPaths = (
			);
			name = "[CP] Copy Pods Resources";
			outputPaths = (
			);
			runOnlyForDeploymentPostprocessing = 0;
			shellPath = /bin/sh;
			shellScript = "\"${SRCROOT}/Pods/Target Support Files/Pods-JustStudio iMessage/Pods-JustStudio iMessage-resources.sh\"\n";
			showEnvVarsInLog = 0;
		};
		6DF4FA4EC44A697080830041 /* [CP] Check Pods Manifest.lock */ = {
			isa = PBXShellScriptBuildPhase;
			buildActionMask = 2147483647;
			files = (
			);
			inputPaths = (
			);
			name = "[CP] Check Pods Manifest.lock";
			outputPaths = (
			);
			runOnlyForDeploymentPostprocessing = 0;
			shellPath = /bin/sh;
			shellScript = "diff \"${PODS_ROOT}/../Podfile.lock\" \"${PODS_ROOT}/Manifest.lock\" > /dev/null\nif [[ $? != 0 ]] ; then\n    cat << EOM\nerror: The sandbox is not in sync with the Podfile.lock. Run 'pod install' or update your CocoaPods installation.\nEOM\n    exit 1\nfi\n";
			showEnvVarsInLog = 0;
		};
		755E09691E93B62F004E2EAF /* ShellScript */ = {
			isa = PBXShellScriptBuildPhase;
			buildActionMask = 2147483647;
			files = (
			);
			inputPaths = (
			);
			outputPaths = (
			);
			runOnlyForDeploymentPostprocessing = 0;
			shellPath = /bin/sh;
			shellScript = "bash \"${BUILT_PRODUCTS_DIR}/${FRAMEWORKS_FOLDER_PATH}/Realm.framework/strip-frameworks.sh\"\n";
		};
		9E782E0CB85FA8637B1B106A /* [CP] Check Pods Manifest.lock */ = {
			isa = PBXShellScriptBuildPhase;
			buildActionMask = 2147483647;
			files = (
			);
			inputPaths = (
			);
			name = "[CP] Check Pods Manifest.lock";
			outputPaths = (
			);
			runOnlyForDeploymentPostprocessing = 0;
			shellPath = /bin/sh;
			shellScript = "diff \"${PODS_ROOT}/../Podfile.lock\" \"${PODS_ROOT}/Manifest.lock\" > /dev/null\nif [ $? != 0 ] ; then\n    # print error to STDERR\n    echo \"error: The sandbox is not in sync with the Podfile.lock. Run 'pod install' or update your CocoaPods installation.\" >&2\n    exit 1\nfi\n";
			showEnvVarsInLog = 0;
		};
		A3086B091FB384509467BBA8 /* [CP] Check Pods Manifest.lock */ = {
			isa = PBXShellScriptBuildPhase;
			buildActionMask = 2147483647;
			files = (
			);
			inputPaths = (
			);
			name = "[CP] Check Pods Manifest.lock";
			outputPaths = (
			);
			runOnlyForDeploymentPostprocessing = 0;
			shellPath = /bin/sh;
			shellScript = "diff \"${PODS_ROOT}/../Podfile.lock\" \"${PODS_ROOT}/Manifest.lock\" > /dev/null\nif [ $? != 0 ] ; then\n    # print error to STDERR\n    echo \"error: The sandbox is not in sync with the Podfile.lock. Run 'pod install' or update your CocoaPods installation.\" >&2\n    exit 1\nfi\n";
			showEnvVarsInLog = 0;
		};
		A3F441C81F90DDD3D668F13F /* [CP] Copy Pods Resources */ = {
			isa = PBXShellScriptBuildPhase;
			buildActionMask = 2147483647;
			files = (
			);
			inputPaths = (
			);
			name = "[CP] Copy Pods Resources";
			outputPaths = (
			);
			runOnlyForDeploymentPostprocessing = 0;
			shellPath = /bin/sh;
			shellScript = "\"${SRCROOT}/Pods/Target Support Files/Pods-JustFacts WatchOS Extension/Pods-JustFacts WatchOS Extension-resources.sh\"\n";
			showEnvVarsInLog = 0;
		};
		A9BBB0F60A50B7E0553DE80D /* [CP] Check Pods Manifest.lock */ = {
			isa = PBXShellScriptBuildPhase;
			buildActionMask = 2147483647;
			files = (
			);
			inputPaths = (
			);
			name = "[CP] Check Pods Manifest.lock";
			outputPaths = (
			);
			runOnlyForDeploymentPostprocessing = 0;
			shellPath = /bin/sh;
			shellScript = "diff \"${PODS_ROOT}/../Podfile.lock\" \"${PODS_ROOT}/Manifest.lock\" > /dev/null\nif [[ $? != 0 ]] ; then\n    cat << EOM\nerror: The sandbox is not in sync with the Podfile.lock. Run 'pod install' or update your CocoaPods installation.\nEOM\n    exit 1\nfi\n";
			showEnvVarsInLog = 0;
		};
		B381DABDF8674D34BE27D3A7 /* [CP] Check Pods Manifest.lock */ = {
			isa = PBXShellScriptBuildPhase;
			buildActionMask = 2147483647;
			files = (
			);
			inputPaths = (
			);
			name = "[CP] Check Pods Manifest.lock";
			outputPaths = (
			);
			runOnlyForDeploymentPostprocessing = 0;
			shellPath = /bin/sh;
			shellScript = "diff \"${PODS_ROOT}/../Podfile.lock\" \"${PODS_ROOT}/Manifest.lock\" > /dev/null\nif [ $? != 0 ] ; then\n    # print error to STDERR\n    echo \"error: The sandbox is not in sync with the Podfile.lock. Run 'pod install' or update your CocoaPods installation.\" >&2\n    exit 1\nfi\n";
			showEnvVarsInLog = 0;
		};
		E6D7F49B674841B5EB434F11 /* 📦 Copy Pods Resources */ = {
			isa = PBXShellScriptBuildPhase;
			buildActionMask = 2147483647;
			files = (
			);
			inputPaths = (
			);
			name = "📦 Copy Pods Resources";
			outputPaths = (
			);
			runOnlyForDeploymentPostprocessing = 0;
			shellPath = /bin/sh;
			shellScript = "\"${SRCROOT}/Pods/Target Support Files/Pods-JustStudio/Pods-JustStudio-resources.sh\"\n";
			showEnvVarsInLog = 0;
		};
		F457ED1D96570A2B62B91BE3 /* 📦 Embed Pods Frameworks */ = {
			isa = PBXShellScriptBuildPhase;
			buildActionMask = 2147483647;
			files = (
			);
			inputPaths = (
			);
			name = "📦 Embed Pods Frameworks";
			outputPaths = (
			);
			runOnlyForDeploymentPostprocessing = 0;
			shellPath = /bin/sh;
			shellScript = "\"${SRCROOT}/Pods/Target Support Files/Pods-JustFacts WatchOS Extension/Pods-JustFacts WatchOS Extension-frameworks.sh\"\n";
			showEnvVarsInLog = 0;
		};
/* End PBXShellScriptBuildPhase section */

/* Begin PBXSourcesBuildPhase section */
		33AE23331DC1089800A9B22A /* Sources */ = {
			isa = PBXSourcesBuildPhase;
			buildActionMask = 2147483647;
			files = (
				33AE234B1DC10D7200A9B22A /* CategoryVC.swift in Sources */,
				752E588B1E95252E003EF222 /* CategoryDataModel.swift in Sources */,
				33AE23541DC11C4800A9B22A /* AddJustStudioStickerCell.swift in Sources */,
				752E588C1E952530003EF222 /* BaseDataModel.swift in Sources */,
				3316C6711DC3BE930008F697 /* ImageItemRenderer.swift in Sources */,
				755856471E9E2B2C0091ABB5 /* AppGroupRealmConfiguration.swift in Sources */,
				7552022A1E96B7A000F3BC2A /* HTTPClient.swift in Sources */,
				33AE234F1DC1161A00A9B22A /* PreviewVC.swift in Sources */,
				752E588A1E95252C003EF222 /* FactDataModel.swift in Sources */,
				632C2EF71DF99388004BB1E4 /* UILabel+setDescription.swift in Sources */,
				33AE234D1DC1142400A9B22A /* FactsVC.swift in Sources */,
				755202291E96B79D00F3BC2A /* PersistencyManager.swift in Sources */,
				33AE23521DC11C0F00A9B22A /* FactCell.swift in Sources */,
				33AE23561DC2214E00A9B22A /* BaseViewController.swift in Sources */,
				33AE233C1DC1089800A9B22A /* MessagesViewController.swift in Sources */,
				3316C66F1DC3B6E30008F697 /* PeekViewController.swift in Sources */,
				632C2EF21DF859C5004BB1E4 /* LibraryAPI.swift in Sources */,
				3312B8BE1DC8A6E600E58A76 /* CategoryCell.swift in Sources */,
			);
			runOnlyForDeploymentPostprocessing = 0;
		};
		75FC74531D8C2E3F00683CA0 /* Sources */ = {
			isa = PBXSourcesBuildPhase;
			buildActionMask = 2147483647;
			files = (
				75FC74631D8C2E3F00683CA0 /* NotificationController.swift in Sources */,
				751F35431DAD30230099CB19 /* FactsController.swift in Sources */,
				63DB481F1DBE2DAE00119897 /* WKInterfaceLabel+setDescription.swift in Sources */,
				63DB481D1DBE290700119897 /* Base.swift in Sources */,
				63DB48141DBE246400119897 /* Fact.swift in Sources */,
				75FC74611D8C2E3F00683CA0 /* ExtensionDelegate.swift in Sources */,
				63DB48151DBE246800119897 /* Category.swift in Sources */,
				637A4E4F1DB78EBE007C3EA6 /* InterfaceController.swift in Sources */,
				33B1D1E41DB63185000C4062 /* LibraryWatchAPI.swift in Sources */,
				75D9A3141D92A01E0075BBBD /* CategoryRowController.swift in Sources */,
				75227BF31E9FD954006BD446 /* AppGroupRealmConfiguration.swift in Sources */,
			);
			runOnlyForDeploymentPostprocessing = 0;
		};
		883D6FFD1C0DAE22003ECEE2 /* Sources */ = {
			isa = PBXSourcesBuildPhase;
			buildActionMask = 2147483647;
			files = (
				752E58841E93FE30003EF222 /* BaseDataModel.swift in Sources */,
				33B1D18A1DB10EE5000C4062 /* CategoryViewController.swift in Sources */,
				33B1D1E51DB6318A000C4062 /* LibraryAPI.swift in Sources */,
				755150FD1C47EE1C00527733 /* UILable+Layout.swift in Sources */,
				752E588E1E96A3DB003EF222 /* PersistencyManager.swift in Sources */,
				75620F411C464D880069DD5F /* CategoryCell.swift in Sources */,
				752E58881E93FE77003EF222 /* FactDataModel.swift in Sources */,
				63DB481A1DBE270700119897 /* UILabel+setDescription.swift in Sources */,
				883D700B1C0DAE22003ECEE2 /* ModelController.swift in Sources */,
				752E58861E93FE4E003EF222 /* CategoryDataModel.swift in Sources */,
				883D70091C0DAE22003ECEE2 /* DataViewController.swift in Sources */,
				75620F4A1C4671EC0069DD5F /* UIImage+ImageEffects.m in Sources */,
				752E58901E96A404003EF222 /* HTTPClient.swift in Sources */,
				755856461E9E2B2C0091ABB5 /* AppGroupRealmConfiguration.swift in Sources */,
				883D70051C0DAE22003ECEE2 /* AppDelegate.swift in Sources */,
				33B1D18B1DB10EFD000C4062 /* CategoryDetailViewController.swift in Sources */,
			);
			runOnlyForDeploymentPostprocessing = 0;
		};
		883D70201C0DAE22003ECEE2 /* Sources */ = {
			isa = PBXSourcesBuildPhase;
			buildActionMask = 2147483647;
			files = (
				883D70291C0DAE22003ECEE2 /* JustStudioUITests.swift in Sources */,
			);
			runOnlyForDeploymentPostprocessing = 0;
		};
/* End PBXSourcesBuildPhase section */

/* Begin PBXTargetDependency section */
		33AE23441DC1089800A9B22A /* PBXTargetDependency */ = {
			isa = PBXTargetDependency;
			target = 33AE23361DC1089800A9B22A /* JustStudio iMessage */;
			targetProxy = 33AE23431DC1089800A9B22A /* PBXContainerItemProxy */;
		};
		75FC745A1D8C2E3F00683CA0 /* PBXTargetDependency */ = {
			isa = PBXTargetDependency;
			target = 75FC74561D8C2E3F00683CA0 /* JustFacts WatchOS Extension */;
			targetProxy = 75FC74591D8C2E3F00683CA0 /* PBXContainerItemProxy */;
		};
		75FC74681D8C2E4000683CA0 /* PBXTargetDependency */ = {
			isa = PBXTargetDependency;
			target = 75FC744A1D8C2E3E00683CA0 /* JustFacts WatchOS */;
			targetProxy = 75FC74671D8C2E4000683CA0 /* PBXContainerItemProxy */;
		};
		883D70261C0DAE22003ECEE2 /* PBXTargetDependency */ = {
			isa = PBXTargetDependency;
			target = 883D70001C0DAE22003ECEE2 /* JustStudio */;
			targetProxy = 883D70251C0DAE22003ECEE2 /* PBXContainerItemProxy */;
		};
/* End PBXTargetDependency section */

/* Begin PBXVariantGroup section */
		33AE233D1DC1089800A9B22A /* MainInterface.storyboard */ = {
			isa = PBXVariantGroup;
			children = (
				33AE233E1DC1089800A9B22A /* Base */,
			);
			name = MainInterface.storyboard;
			sourceTree = "<group>";
		};
		75FC744D1D8C2E3E00683CA0 /* Interface.storyboard */ = {
			isa = PBXVariantGroup;
			children = (
				75FC744E1D8C2E3E00683CA0 /* Base */,
			);
			name = Interface.storyboard;
			sourceTree = "<group>";
		};
		883D700C1C0DAE22003ECEE2 /* Main.storyboard */ = {
			isa = PBXVariantGroup;
			children = (
				883D700D1C0DAE22003ECEE2 /* Base */,
			);
			name = Main.storyboard;
			sourceTree = "<group>";
		};
		883D70111C0DAE22003ECEE2 /* LaunchScreen.storyboard */ = {
			isa = PBXVariantGroup;
			children = (
				883D70121C0DAE22003ECEE2 /* Base */,
			);
			name = LaunchScreen.storyboard;
			sourceTree = "<group>";
		};
/* End PBXVariantGroup section */

/* Begin XCBuildConfiguration section */
		33AE23471DC1089900A9B22A /* Debug */ = {
			isa = XCBuildConfiguration;
			baseConfigurationReference = 43DC92B38CDA76776EE6606B /* Pods-JustStudio iMessage.debug.xcconfig */;
			buildSettings = {
				ASSETCATALOG_COMPILER_APPICON_NAME = "iMessage App Icon";
				CLANG_ANALYZER_NONNULL = YES;
				CLANG_WARN_DOCUMENTATION_COMMENTS = YES;
				CLANG_WARN_SUSPICIOUS_MOVES = YES;
				CODE_SIGN_ENTITLEMENTS = "JustStudio iMessage/JustStudio iMessage.entitlements";
				CODE_SIGN_IDENTITY = "iPhone Developer";
				"CODE_SIGN_IDENTITY[sdk=iphoneos*]" = "iPhone Developer";
				DEVELOPMENT_TEAM = UT3YUVT7N2;
				FRAMEWORK_SEARCH_PATHS = (
					"$(inherited)",
					"$(PROJECT_DIR)/swift-3.1",
				);
				INFOPLIST_FILE = "JustStudio iMessage/Info.plist";
				IPHONEOS_DEPLOYMENT_TARGET = 10.0;
				LD_RUNPATH_SEARCH_PATHS = "$(inherited) @executable_path/Frameworks @executable_path/../../Frameworks";
				PRODUCT_BUNDLE_IDENTIFIER = "com.fruktorum.JustFacts.JustStudio-iMessage";
				PRODUCT_NAME = "$(TARGET_NAME)";
				SKIP_INSTALL = YES;
				SWIFT_ACTIVE_COMPILATION_CONDITIONS = DEBUG;
				SWIFT_VERSION = 3.0;
			};
			name = Debug;
		};
		33AE23481DC1089900A9B22A /* Release */ = {
			isa = XCBuildConfiguration;
			baseConfigurationReference = 7032002F94F590871BA16A88 /* Pods-JustStudio iMessage.release.xcconfig */;
			buildSettings = {
				ASSETCATALOG_COMPILER_APPICON_NAME = "iMessage App Icon";
				CLANG_ANALYZER_NONNULL = YES;
				CLANG_WARN_DOCUMENTATION_COMMENTS = YES;
				CLANG_WARN_SUSPICIOUS_MOVES = YES;
				CODE_SIGN_ENTITLEMENTS = "JustStudio iMessage/JustStudio iMessage.entitlements";
				CODE_SIGN_IDENTITY = "iPhone Developer";
				"CODE_SIGN_IDENTITY[sdk=iphoneos*]" = "iPhone Developer";
				DEVELOPMENT_TEAM = UT3YUVT7N2;
				FRAMEWORK_SEARCH_PATHS = (
					"$(inherited)",
					"$(PROJECT_DIR)/swift-3.1",
				);
				INFOPLIST_FILE = "JustStudio iMessage/Info.plist";
				IPHONEOS_DEPLOYMENT_TARGET = 10.0;
				LD_RUNPATH_SEARCH_PATHS = "$(inherited) @executable_path/Frameworks @executable_path/../../Frameworks";
				PRODUCT_BUNDLE_IDENTIFIER = "com.fruktorum.JustFacts.JustStudio-iMessage";
				PRODUCT_NAME = "$(TARGET_NAME)";
				SKIP_INSTALL = YES;
				SWIFT_VERSION = 3.0;
			};
			name = Release;
		};
		75FC746B1D8C2E4000683CA0 /* Debug */ = {
			isa = XCBuildConfiguration;
			baseConfigurationReference = 377BFE1D839CE693B7BCB1EA /* Pods-JustFacts WatchOS Extension.debug.xcconfig */;
			buildSettings = {
				CLANG_ANALYZER_NONNULL = YES;
				CODE_SIGN_ENTITLEMENTS = "JustFacts WatchOS Extension/JustFacts WatchOS Extension.entitlements";
				CODE_SIGN_IDENTITY = "iPhone Developer";
				"CODE_SIGN_IDENTITY[sdk=iphoneos*]" = "iPhone Developer";
				"CODE_SIGN_IDENTITY[sdk=watchos*]" = "iPhone Developer";
				DEVELOPMENT_TEAM = UT3YUVT7N2;
				FRAMEWORK_SEARCH_PATHS = (
					"$(inherited)",
					"$(PROJECT_DIR)/swift-3.1",
					"$(PROJECT_DIR)/watch_swift-3.1",
				);
				INFOPLIST_FILE = "JustFacts WatchOS Extension/Info.plist";
				LD_RUNPATH_SEARCH_PATHS = "$(inherited) @executable_path/Frameworks @executable_path/../../Frameworks";
				OTHER_CFLAGS = (
					"$(inherited)",
					"-iquote",
					"-isystem",
					"\"${PODS_ROOT}/Headers/Public\"",
				);
				OTHER_CPLUSPLUSFLAGS = (
					"$(inherited)",
					"-iquote",
					"-isystem",
					"\"${PODS_ROOT}/Headers/Public\"",
				);
				OTHER_LDFLAGS = (
					"$(inherited)",
					"-ObjC",
					"-framework",
					"\"AVFoundation\"",
				);
				PRODUCT_BUNDLE_IDENTIFIER = com.fruktorum.JustFacts.watchkitapp.watchkitextension;
				PRODUCT_NAME = "${TARGET_NAME}";
				PROVISIONING_PROFILE = "";
				PROVISIONING_PROFILE_SPECIFIER = "";
				SDKROOT = watchos;
				SKIP_INSTALL = YES;
				SWIFT_VERSION = 3.0;
				TARGETED_DEVICE_FAMILY = 4;
				WATCHOS_DEPLOYMENT_TARGET = 2.2;
			};
			name = Debug;
		};
		75FC746C1D8C2E4000683CA0 /* Release */ = {
			isa = XCBuildConfiguration;
			baseConfigurationReference = 1A6C4C7455CD19EF84BF4328 /* Pods-JustFacts WatchOS Extension.release.xcconfig */;
			buildSettings = {
				CLANG_ANALYZER_NONNULL = YES;
				CODE_SIGN_ENTITLEMENTS = "JustFacts WatchOS Extension/JustFacts WatchOS Extension.entitlements";
				CODE_SIGN_IDENTITY = "iPhone Developer";
				"CODE_SIGN_IDENTITY[sdk=iphoneos*]" = "iPhone Developer";
				"CODE_SIGN_IDENTITY[sdk=watchos*]" = "iPhone Developer";
				DEVELOPMENT_TEAM = UT3YUVT7N2;
				FRAMEWORK_SEARCH_PATHS = (
					"$(inherited)",
					"$(PROJECT_DIR)/swift-3.1",
					"$(PROJECT_DIR)/watch_swift-3.1",
				);
				INFOPLIST_FILE = "JustFacts WatchOS Extension/Info.plist";
				LD_RUNPATH_SEARCH_PATHS = "$(inherited) @executable_path/Frameworks @executable_path/../../Frameworks";
				OTHER_CFLAGS = (
					"$(inherited)",
					"-iquote",
					"\"$PODS_CONFIGURATION_BUILD_DIR/Alamofire/Alamofire.framework/Headers\"",
					"-isystem",
					"\"${PODS_ROOT}/Headers/Public\"",
				);
				OTHER_CPLUSPLUSFLAGS = (
					"$(inherited)",
					"-iquote",
					"-isystem",
					"\"${PODS_ROOT}/Headers/Public\"",
				);
				OTHER_LDFLAGS = (
					"$(inherited)",
					"-ObjC",
					"-framework",
					"\"AVFoundation\"",
				);
				PRODUCT_BUNDLE_IDENTIFIER = com.fruktorum.JustFacts.watchkitapp.watchkitextension;
				PRODUCT_NAME = "${TARGET_NAME}";
				PROVISIONING_PROFILE = "";
				PROVISIONING_PROFILE_SPECIFIER = "";
				SDKROOT = watchos;
				SKIP_INSTALL = YES;
				SWIFT_VERSION = 3.0;
				TARGETED_DEVICE_FAMILY = 4;
				WATCHOS_DEPLOYMENT_TARGET = 2.2;
			};
			name = Release;
		};
		75FC746F1D8C2E4000683CA0 /* Debug */ = {
			isa = XCBuildConfiguration;
			buildSettings = {
				ALWAYS_EMBED_SWIFT_STANDARD_LIBRARIES = YES;
				ASSETCATALOG_COMPILER_APPICON_NAME = AppIcon;
				CLANG_ANALYZER_NONNULL = YES;
				CLANG_ENABLE_MODULES = YES;
				CODE_SIGN_ENTITLEMENTS = "JustFacts WatchOS/JustFacts WatchOS.entitlements";
				CODE_SIGN_IDENTITY = "iPhone Developer: Pavlo Andryeyev (LF2HB98HLY)";
				"CODE_SIGN_IDENTITY[sdk=iphoneos*]" = "iPhone Developer";
				"CODE_SIGN_IDENTITY[sdk=watchos*]" = "iPhone Developer";
				DEVELOPMENT_TEAM = UT3YUVT7N2;
				FRAMEWORK_SEARCH_PATHS = (
					"$(inherited)",
					Realm.framework,
					RealmSwift.framework,
					"$(PROJECT_DIR)/swift-3.1",
					"$(PROJECT_DIR)/watch_swift-3.1",
				);
				IBSC_MODULE = JustFacts_WatchOS_Extension;
				INFOPLIST_FILE = "JustFacts WatchOS/Info.plist";
				LD_RUNPATH_SEARCH_PATHS = "$(inherited) @executable_path/../Frameworks @loader_path/../Frameworks @executable_path/Frameworks";
				OTHER_CFLAGS = "";
				PRODUCT_BUNDLE_IDENTIFIER = com.fruktorum.JustFacts.watchkitapp;
				PRODUCT_NAME = "$(TARGET_NAME)";
				SDKROOT = watchos;
				SKIP_INSTALL = YES;
				SWIFT_OBJC_BRIDGING_HEADER = "JustFacts WatchOS-Bridging-Header.h";
				SWIFT_OPTIMIZATION_LEVEL = "-Onone";
				SWIFT_VERSION = 3.0;
				TARGETED_DEVICE_FAMILY = 4;
				WATCHOS_DEPLOYMENT_TARGET = 2.2;
			};
			name = Debug;
		};
		75FC74701D8C2E4000683CA0 /* Release */ = {
			isa = XCBuildConfiguration;
			buildSettings = {
				ALWAYS_EMBED_SWIFT_STANDARD_LIBRARIES = YES;
				ASSETCATALOG_COMPILER_APPICON_NAME = AppIcon;
				CLANG_ANALYZER_NONNULL = YES;
				CLANG_ENABLE_MODULES = YES;
				CODE_SIGN_ENTITLEMENTS = "JustFacts WatchOS/JustFacts WatchOS.entitlements";
				CODE_SIGN_IDENTITY = "iPhone Distribution: Pavel Andreev (UT3YUVT7N2)";
				"CODE_SIGN_IDENTITY[sdk=iphoneos*]" = "iPhone Developer";
				"CODE_SIGN_IDENTITY[sdk=watchos*]" = "iPhone Developer";
				DEVELOPMENT_TEAM = UT3YUVT7N2;
				FRAMEWORK_SEARCH_PATHS = (
					"$(inherited)",
					Realm.framework,
					RealmSwift.framework,
					"$(PROJECT_DIR)/swift-3.1",
					"$(PROJECT_DIR)/watch_swift-3.1",
				);
				IBSC_MODULE = JustFacts_WatchOS_Extension;
				INFOPLIST_FILE = "JustFacts WatchOS/Info.plist";
				LD_RUNPATH_SEARCH_PATHS = "$(inherited) @executable_path/../Frameworks @loader_path/../Frameworks @executable_path/Frameworks";
				OTHER_CFLAGS = "";
				PRODUCT_BUNDLE_IDENTIFIER = com.fruktorum.JustFacts.watchkitapp;
				PRODUCT_NAME = "$(TARGET_NAME)";
				SDKROOT = watchos;
				SKIP_INSTALL = YES;
				SWIFT_OBJC_BRIDGING_HEADER = "JustFacts WatchOS-Bridging-Header.h";
				SWIFT_VERSION = 3.0;
				TARGETED_DEVICE_FAMILY = 4;
				WATCHOS_DEPLOYMENT_TARGET = 2.2;
			};
			name = Release;
		};
		883D702B1C0DAE22003ECEE2 /* Debug */ = {
			isa = XCBuildConfiguration;
			buildSettings = {
				ALWAYS_SEARCH_USER_PATHS = NO;
				CLANG_CXX_LANGUAGE_STANDARD = "gnu++0x";
				CLANG_CXX_LIBRARY = "libc++";
				CLANG_ENABLE_MODULES = YES;
				CLANG_ENABLE_OBJC_ARC = YES;
				CLANG_WARN_BOOL_CONVERSION = YES;
				CLANG_WARN_CONSTANT_CONVERSION = YES;
				CLANG_WARN_DIRECT_OBJC_ISA_USAGE = YES_ERROR;
				CLANG_WARN_EMPTY_BODY = YES;
				CLANG_WARN_ENUM_CONVERSION = YES;
				CLANG_WARN_INFINITE_RECURSION = YES;
				CLANG_WARN_INT_CONVERSION = YES;
				CLANG_WARN_OBJC_ROOT_CLASS = YES_ERROR;
				CLANG_WARN_SUSPICIOUS_MOVE = YES;
				CLANG_WARN_UNREACHABLE_CODE = YES;
				CLANG_WARN__DUPLICATE_METHOD_MATCH = YES;
				"CODE_SIGN_IDENTITY[sdk=iphoneos*]" = "iPhone Developer";
				COPY_PHASE_STRIP = NO;
				DEBUG_INFORMATION_FORMAT = dwarf;
				ENABLE_STRICT_OBJC_MSGSEND = YES;
				ENABLE_TESTABILITY = YES;
				GCC_C_LANGUAGE_STANDARD = gnu99;
				GCC_DYNAMIC_NO_PIC = NO;
				GCC_NO_COMMON_BLOCKS = YES;
				GCC_OPTIMIZATION_LEVEL = 0;
				GCC_PREPROCESSOR_DEFINITIONS = (
					"DEBUG=1",
					"$(inherited)",
				);
				GCC_WARN_64_TO_32_BIT_CONVERSION = YES;
				GCC_WARN_ABOUT_RETURN_TYPE = YES_ERROR;
				GCC_WARN_UNDECLARED_SELECTOR = YES;
				GCC_WARN_UNINITIALIZED_AUTOS = YES_AGGRESSIVE;
				GCC_WARN_UNUSED_FUNCTION = YES;
				GCC_WARN_UNUSED_VARIABLE = YES;
				IPHONEOS_DEPLOYMENT_TARGET = 9.1;
				MTL_ENABLE_DEBUG_INFO = YES;
				ONLY_ACTIVE_ARCH = YES;
				SDKROOT = iphoneos;
				SWIFT_OBJC_BRIDGING_HEADER = "JustStudio/JustStudio-Bridging-Header.h";
				SWIFT_OPTIMIZATION_LEVEL = "-Onone";
				TARGETED_DEVICE_FAMILY = "1,2";
			};
			name = Debug;
		};
		883D702C1C0DAE22003ECEE2 /* Release */ = {
			isa = XCBuildConfiguration;
			buildSettings = {
				ALWAYS_SEARCH_USER_PATHS = NO;
				CLANG_CXX_LANGUAGE_STANDARD = "gnu++0x";
				CLANG_CXX_LIBRARY = "libc++";
				CLANG_ENABLE_MODULES = YES;
				CLANG_ENABLE_OBJC_ARC = YES;
				CLANG_WARN_BOOL_CONVERSION = YES;
				CLANG_WARN_CONSTANT_CONVERSION = YES;
				CLANG_WARN_DIRECT_OBJC_ISA_USAGE = YES_ERROR;
				CLANG_WARN_EMPTY_BODY = YES;
				CLANG_WARN_ENUM_CONVERSION = YES;
				CLANG_WARN_INFINITE_RECURSION = YES;
				CLANG_WARN_INT_CONVERSION = YES;
				CLANG_WARN_OBJC_ROOT_CLASS = YES_ERROR;
				CLANG_WARN_SUSPICIOUS_MOVE = YES;
				CLANG_WARN_UNREACHABLE_CODE = YES;
				CLANG_WARN__DUPLICATE_METHOD_MATCH = YES;
				"CODE_SIGN_IDENTITY[sdk=iphoneos*]" = "iPhone Developer";
				COPY_PHASE_STRIP = NO;
				DEBUG_INFORMATION_FORMAT = "dwarf-with-dsym";
				ENABLE_NS_ASSERTIONS = NO;
				ENABLE_STRICT_OBJC_MSGSEND = YES;
				GCC_C_LANGUAGE_STANDARD = gnu99;
				GCC_NO_COMMON_BLOCKS = YES;
				GCC_WARN_64_TO_32_BIT_CONVERSION = YES;
				GCC_WARN_ABOUT_RETURN_TYPE = YES_ERROR;
				GCC_WARN_UNDECLARED_SELECTOR = YES;
				GCC_WARN_UNINITIALIZED_AUTOS = YES_AGGRESSIVE;
				GCC_WARN_UNUSED_FUNCTION = YES;
				GCC_WARN_UNUSED_VARIABLE = YES;
				IPHONEOS_DEPLOYMENT_TARGET = 9.1;
				MTL_ENABLE_DEBUG_INFO = NO;
				SDKROOT = iphoneos;
				SWIFT_OBJC_BRIDGING_HEADER = "JustStudio/JustStudio-Bridging-Header.h";
				SWIFT_OPTIMIZATION_LEVEL = "-Owholemodule";
				TARGETED_DEVICE_FAMILY = "1,2";
				VALIDATE_PRODUCT = YES;
			};
			name = Release;
		};
		883D702E1C0DAE22003ECEE2 /* Debug */ = {
			isa = XCBuildConfiguration;
			baseConfigurationReference = DADD5D824B7B0B8FB7772D82 /* Pods-JustStudio.debug.xcconfig */;
			buildSettings = {
				ALWAYS_EMBED_SWIFT_STANDARD_LIBRARIES = YES;
				ASSETCATALOG_COMPILER_APPICON_NAME = AppIcon;
				CLANG_DEBUG_INFORMATION_LEVEL = default;
				CODE_SIGN_ENTITLEMENTS = JustStudio/JustStudio.entitlements;
				CODE_SIGN_IDENTITY = "iPhone Developer";
				"CODE_SIGN_IDENTITY[sdk=iphoneos*]" = "iPhone Developer";
				DEVELOPMENT_TEAM = UT3YUVT7N2;
				ENABLE_BITCODE = YES;
				FRAMEWORK_SEARCH_PATHS = (
					"$(inherited)",
					"\"$PODS_CONFIGURATION_BUILD_DIR/Realm\"",
					"\"$PODS_CONFIGURATION_BUILD_DIR/RealmSwift\"",
					"\"$PODS_CONFIGURATION_BUILD_DIR/SDWebImage\"",
					"\"${PODS_ROOT}/Google-Mobile-Ads-SDK/Frameworks\"",
					RealmSwift.framework,
					"$(PROJECT_DIR)/swift-3.1",
				);
				INFOPLIST_FILE = JustStudio/Info.plist;
				LD_RUNPATH_SEARCH_PATHS = "$(inherited) @executable_path/Frameworks";
				PRODUCT_BUNDLE_IDENTIFIER = com.fruktorum.JustFacts;
				PRODUCT_NAME = "$(TARGET_NAME)";
				PROVISIONING_PROFILE = "";
				SWIFT_OBJC_BRIDGING_HEADER = "JustStudio/JustStudio-Bridging-Header.h";
				SWIFT_VERSION = 3.0;
				TARGETED_DEVICE_FAMILY = 1;
				VALID_ARCHS = "arm64 armv7 armv7s i386";
			};
			name = Debug;
		};
		883D702F1C0DAE22003ECEE2 /* Release */ = {
			isa = XCBuildConfiguration;
			baseConfigurationReference = 416BB99370592DD884B562DA /* Pods-JustStudio.release.xcconfig */;
			buildSettings = {
				ALWAYS_EMBED_SWIFT_STANDARD_LIBRARIES = YES;
				ASSETCATALOG_COMPILER_APPICON_NAME = AppIcon;
				CLANG_DEBUG_INFORMATION_LEVEL = default;
				CODE_SIGN_ENTITLEMENTS = JustStudio/JustStudio.entitlements;
				CODE_SIGN_IDENTITY = "iPhone Developer";
				"CODE_SIGN_IDENTITY[sdk=iphoneos*]" = "iPhone Developer";
				DEVELOPMENT_TEAM = UT3YUVT7N2;
				ENABLE_BITCODE = YES;
				FRAMEWORK_SEARCH_PATHS = (
					"$(inherited)",
					"\"$PODS_CONFIGURATION_BUILD_DIR/Realm\"",
					"\"$PODS_CONFIGURATION_BUILD_DIR/RealmSwift\"",
					"\"$PODS_CONFIGURATION_BUILD_DIR/SDWebImage\"",
					"\"${PODS_ROOT}/Google-Mobile-Ads-SDK/Frameworks\"",
					RealmSwift.framework,
					"$(PROJECT_DIR)/swift-3.1",
				);
				INFOPLIST_FILE = JustStudio/Info.plist;
				LD_RUNPATH_SEARCH_PATHS = "$(inherited) @executable_path/Frameworks";
				PRODUCT_BUNDLE_IDENTIFIER = com.fruktorum.JustFacts;
				PRODUCT_NAME = "$(TARGET_NAME)";
				PROVISIONING_PROFILE = "";
				SWIFT_OBJC_BRIDGING_HEADER = "JustStudio/JustStudio-Bridging-Header.h";
				SWIFT_VERSION = 3.0;
				TARGETED_DEVICE_FAMILY = 1;
				VALID_ARCHS = "arm64 armv7 armv7s i386";
			};
			name = Release;
		};
		883D70341C0DAE22003ECEE2 /* Debug */ = {
			isa = XCBuildConfiguration;
			buildSettings = {
				DEVELOPMENT_TEAM = UT3YUVT7N2;
				ENABLE_BITCODE = NO;
				INFOPLIST_FILE = JustStudioUITests/Info.plist;
				LD_RUNPATH_SEARCH_PATHS = "$(inherited) @executable_path/Frameworks @loader_path/Frameworks";
				PRODUCT_BUNDLE_IDENTIFIER = juststudio2.JustStudioUITests;
				PRODUCT_NAME = "$(TARGET_NAME)";
				SWIFT_VERSION = 3.0;
				TEST_TARGET_NAME = JustStudio;
				USES_XCTRUNNER = YES;
			};
			name = Debug;
		};
		883D70351C0DAE22003ECEE2 /* Release */ = {
			isa = XCBuildConfiguration;
			buildSettings = {
				DEVELOPMENT_TEAM = UT3YUVT7N2;
				ENABLE_BITCODE = NO;
				INFOPLIST_FILE = JustStudioUITests/Info.plist;
				LD_RUNPATH_SEARCH_PATHS = "$(inherited) @executable_path/Frameworks @loader_path/Frameworks";
				PRODUCT_BUNDLE_IDENTIFIER = juststudio2.JustStudioUITests;
				PRODUCT_NAME = "$(TARGET_NAME)";
				SWIFT_VERSION = 3.0;
				TEST_TARGET_NAME = JustStudio;
				USES_XCTRUNNER = YES;
			};
			name = Release;
		};
/* End XCBuildConfiguration section */

/* Begin XCConfigurationList section */
		33AE23461DC1089900A9B22A /* Build configuration list for PBXNativeTarget "JustStudio iMessage" */ = {
			isa = XCConfigurationList;
			buildConfigurations = (
				33AE23471DC1089900A9B22A /* Debug */,
				33AE23481DC1089900A9B22A /* Release */,
			);
			defaultConfigurationIsVisible = 0;
			defaultConfigurationName = Release;
		};
		75FC746A1D8C2E4000683CA0 /* Build configuration list for PBXNativeTarget "JustFacts WatchOS Extension" */ = {
			isa = XCConfigurationList;
			buildConfigurations = (
				75FC746B1D8C2E4000683CA0 /* Debug */,
				75FC746C1D8C2E4000683CA0 /* Release */,
			);
			defaultConfigurationIsVisible = 0;
			defaultConfigurationName = Release;
		};
		75FC746E1D8C2E4000683CA0 /* Build configuration list for PBXNativeTarget "JustFacts WatchOS" */ = {
			isa = XCConfigurationList;
			buildConfigurations = (
				75FC746F1D8C2E4000683CA0 /* Debug */,
				75FC74701D8C2E4000683CA0 /* Release */,
			);
			defaultConfigurationIsVisible = 0;
			defaultConfigurationName = Release;
		};
		883D6FFC1C0DAE22003ECEE2 /* Build configuration list for PBXProject "JustStudio" */ = {
			isa = XCConfigurationList;
			buildConfigurations = (
				883D702B1C0DAE22003ECEE2 /* Debug */,
				883D702C1C0DAE22003ECEE2 /* Release */,
			);
			defaultConfigurationIsVisible = 0;
			defaultConfigurationName = Release;
		};
		883D702D1C0DAE22003ECEE2 /* Build configuration list for PBXNativeTarget "JustStudio" */ = {
			isa = XCConfigurationList;
			buildConfigurations = (
				883D702E1C0DAE22003ECEE2 /* Debug */,
				883D702F1C0DAE22003ECEE2 /* Release */,
			);
			defaultConfigurationIsVisible = 0;
			defaultConfigurationName = Release;
		};
		883D70331C0DAE22003ECEE2 /* Build configuration list for PBXNativeTarget "JustStudioUITests" */ = {
			isa = XCConfigurationList;
			buildConfigurations = (
				883D70341C0DAE22003ECEE2 /* Debug */,
				883D70351C0DAE22003ECEE2 /* Release */,
			);
			defaultConfigurationIsVisible = 0;
			defaultConfigurationName = Release;
		};
/* End XCConfigurationList section */
	};
	rootObject = 883D6FF91C0DAE22003ECEE2 /* Project object */;
}
